
Microsoft Visual Studio Solution File, Format Version 12.00
# Visual Studio 14
VisualStudioVersion = 14.0.25420.1
MinimumVisualStudioVersion = 10.0.40219.1
Project("{8BC9CEB8-8B4A-11D0-8D11-00A0C91BC942}") = "Demo_ArmHand", "Applications\Arm-Hand Demo\ArmHandDemo_VS2015.vcxproj", "{857B847B-CB5D-4196-BC78-1B0AFBC6DC4A}"
	ProjectSection(ProjectDependencies) = postProject
		{6E3B2017-6E91-4498-B475-9221EF9B0C1C} = {6E3B2017-6E91-4498-B475-9221EF9B0C1C}
		{F4860F51-78F2-4C0F-8B57-94C7BF1B24B7} = {F4860F51-78F2-4C0F-8B57-94C7BF1B24B7}
		{48ADCF65-6188-40DA-9E2B-42837C02334C} = {48ADCF65-6188-40DA-9E2B-42837C02334C}
		{07C05B7D-8C49-43EA-A277-78F3A97429F5} = {07C05B7D-8C49-43EA-A277-78F3A97429F5}
		{3AB211EE-0E84-4B5E-82F5-0E3BAB97611A} = {3AB211EE-0E84-4B5E-82F5-0E3BAB97611A}
	EndProjectSection
EndProject
Project("{8BC9CEB8-8B4A-11D0-8D11-00A0C91BC942}") = "Demo_CoordinatedAssembly", "Applications\Assembly_Coordinated\AssemblyCoordinated_VS2015.vcxproj", "{ED600607-3C76-4A1E-8EF9-35BF6A1FB7AC}"
	ProjectSection(ProjectDependencies) = postProject
		{CF824207-7D52-40C1-91F6-9F7A3C531908} = {CF824207-7D52-40C1-91F6-9F7A3C531908}
		{6E3B2017-6E91-4498-B475-9221EF9B0C1C} = {6E3B2017-6E91-4498-B475-9221EF9B0C1C}
		{DD0EDC24-6135-4A9D-929D-4BAEF24EA62A} = {DD0EDC24-6135-4A9D-929D-4BAEF24EA62A}
		{F4860F51-78F2-4C0F-8B57-94C7BF1B24B7} = {F4860F51-78F2-4C0F-8B57-94C7BF1B24B7}
		{48ADCF65-6188-40DA-9E2B-42837C02334C} = {48ADCF65-6188-40DA-9E2B-42837C02334C}
		{07C05B7D-8C49-43EA-A277-78F3A97429F5} = {07C05B7D-8C49-43EA-A277-78F3A97429F5}
		{3AB211EE-0E84-4B5E-82F5-0E3BAB97611A} = {3AB211EE-0E84-4B5E-82F5-0E3BAB97611A}
	EndProjectSection
EndProject
Project("{8BC9CEB8-8B4A-11D0-8D11-00A0C91BC942}") = "Application_PegInHole", "Applications\Assembly_Peg_In_Hole\PegInHole_VS2015.vcxproj", "{400FAE95-38DC-4F95-8096-A44CB8BB6974}"
	ProjectSection(ProjectDependencies) = postProject
		{F4860F51-78F2-4C0F-8B57-94C7BF1B24B7} = {F4860F51-78F2-4C0F-8B57-94C7BF1B24B7}
		{48ADCF65-6188-40DA-9E2B-42837C02334C} = {48ADCF65-6188-40DA-9E2B-42837C02334C}
		{07C05B7D-8C49-43EA-A277-78F3A97429F5} = {07C05B7D-8C49-43EA-A277-78F3A97429F5}
	EndProjectSection
EndProject
Project("{8BC9CEB8-8B4A-11D0-8D11-00A0C91BC942}") = "Application_CRPI_Eval", "Applications\CRPI_Eval\CRPI_Eval_VS2015.vcxproj", "{0E4B4E9A-6ABC-4318-8071-DFA8E1127235}"
	ProjectSection(ProjectDependencies) = postProject
		{6E3B2017-6E91-4498-B475-9221EF9B0C1C} = {6E3B2017-6E91-4498-B475-9221EF9B0C1C}
		{8D67212D-7C8C-42B5-9F40-C95E6BFCA2E7} = {8D67212D-7C8C-42B5-9F40-C95E6BFCA2E7}
		{F4860F51-78F2-4C0F-8B57-94C7BF1B24B7} = {F4860F51-78F2-4C0F-8B57-94C7BF1B24B7}
		{07C05B7D-8C49-43EA-A277-78F3A97429F5} = {07C05B7D-8C49-43EA-A277-78F3A97429F5}
	EndProjectSection
EndProject
Project("{8BC9CEB8-8B4A-11D0-8D11-00A0C91BC942}") = "Application_GraspPlanning", "Applications\Grasp_Planning\Grasp_Planning_VS2015.vcxproj", "{E9A79AE2-35AC-4F06-BB2D-D6B3957C6D4F}"
	ProjectSection(ProjectDependencies) = postProject
		{6E3B2017-6E91-4498-B475-9221EF9B0C1C} = {6E3B2017-6E91-4498-B475-9221EF9B0C1C}
		{F4860F51-78F2-4C0F-8B57-94C7BF1B24B7} = {F4860F51-78F2-4C0F-8B57-94C7BF1B24B7}
		{07C05B7D-8C49-43EA-A277-78F3A97429F5} = {07C05B7D-8C49-43EA-A277-78F3A97429F5}
	EndProjectSection
EndProject
Project("{8BC9CEB8-8B4A-11D0-8D11-00A0C91BC942}") = "Application_MobileManipulator", "Applications\MobileManipulator\MobileManipulator_VS2015.vcxproj", "{4875F474-8BA7-4DC0-A644-E4F7BA03CED4}"
	ProjectSection(ProjectDependencies) = postProject
		{6E3B2017-6E91-4498-B475-9221EF9B0C1C} = {6E3B2017-6E91-4498-B475-9221EF9B0C1C}
		{F4860F51-78F2-4C0F-8B57-94C7BF1B24B7} = {F4860F51-78F2-4C0F-8B57-94C7BF1B24B7}
		{07C05B7D-8C49-43EA-A277-78F3A97429F5} = {07C05B7D-8C49-43EA-A277-78F3A97429F5}
	EndProjectSection
EndProject
Project("{8BC9CEB8-8B4A-11D0-8D11-00A0C91BC942}") = "Application_UnitTest", "Applications\Unit_Test\UnitTest_VS2015.vcxproj", "{58CB4FEB-183E-470D-B2D3-B7698F5982E5}"
	ProjectSection(ProjectDependencies) = postProject
		{CF824207-7D52-40C1-91F6-9F7A3C531908} = {CF824207-7D52-40C1-91F6-9F7A3C531908}
		{6E3B2017-6E91-4498-B475-9221EF9B0C1C} = {6E3B2017-6E91-4498-B475-9221EF9B0C1C}
		{DD0EDC24-6135-4A9D-929D-4BAEF24EA62A} = {DD0EDC24-6135-4A9D-929D-4BAEF24EA62A}
		{8D67212D-7C8C-42B5-9F40-C95E6BFCA2E7} = {8D67212D-7C8C-42B5-9F40-C95E6BFCA2E7}
		{F4860F51-78F2-4C0F-8B57-94C7BF1B24B7} = {F4860F51-78F2-4C0F-8B57-94C7BF1B24B7}
		{48ADCF65-6188-40DA-9E2B-42837C02334C} = {48ADCF65-6188-40DA-9E2B-42837C02334C}
		{07C05B7D-8C49-43EA-A277-78F3A97429F5} = {07C05B7D-8C49-43EA-A277-78F3A97429F5}
		{8748F2BF-A0A6-4140-BD90-D8B69BD526D1} = {8748F2BF-A0A6-4140-BD90-D8B69BD526D1}
		{3AB211EE-0E84-4B5E-82F5-0E3BAB97611A} = {3AB211EE-0E84-4B5E-82F5-0E3BAB97611A}
		{203FFBFB-263C-4A7D-A008-80A0EB035227} = {203FFBFB-263C-4A7D-A008-80A0EB035227}
	EndProjectSection
EndProject
Project("{8BC9CEB8-8B4A-11D0-8D11-00A0C91BC942}") = "Application_Registration", "Applications\Register\Registration_VS2015.vcxproj", "{1EA09185-0EDE-4B06-B6A9-C2B15889B24F}"
	ProjectSection(ProjectDependencies) = postProject
		{CF824207-7D52-40C1-91F6-9F7A3C531908} = {CF824207-7D52-40C1-91F6-9F7A3C531908}
		{6E3B2017-6E91-4498-B475-9221EF9B0C1C} = {6E3B2017-6E91-4498-B475-9221EF9B0C1C}
		{DD0EDC24-6135-4A9D-929D-4BAEF24EA62A} = {DD0EDC24-6135-4A9D-929D-4BAEF24EA62A}
		{F4860F51-78F2-4C0F-8B57-94C7BF1B24B7} = {F4860F51-78F2-4C0F-8B57-94C7BF1B24B7}
		{48ADCF65-6188-40DA-9E2B-42837C02334C} = {48ADCF65-6188-40DA-9E2B-42837C02334C}
		{8748F2BF-A0A6-4140-BD90-D8B69BD526D1} = {8748F2BF-A0A6-4140-BD90-D8B69BD526D1}
		{3AB211EE-0E84-4B5E-82F5-0E3BAB97611A} = {3AB211EE-0E84-4B5E-82F5-0E3BAB97611A}
	EndProjectSection
EndProject
Project("{8BC9CEB8-8B4A-11D0-8D11-00A0C91BC942}") = "Demo_PingPong", "Applications\PingPong\PingPong_VS2015.vcxproj", "{82C5E58B-4158-4CD3-92E9-30CA199A57FC}"
	ProjectSection(ProjectDependencies) = postProject
		{6E3B2017-6E91-4498-B475-9221EF9B0C1C} = {6E3B2017-6E91-4498-B475-9221EF9B0C1C}
	EndProjectSection
EndProject
Project("{8BC9CEB8-8B4A-11D0-8D11-00A0C91BC942}") = "Demo_LabVIEWInterface", "Applications\LabVIEW Interface\LabVIEWInterface_VS2015.vcxproj", "{ED4E72C7-B631-40AD-9CF0-2F678609EEA5}"
	ProjectSection(ProjectDependencies) = postProject
		{6E3B2017-6E91-4498-B475-9221EF9B0C1C} = {6E3B2017-6E91-4498-B475-9221EF9B0C1C}
		{DD0EDC24-6135-4A9D-929D-4BAEF24EA62A} = {DD0EDC24-6135-4A9D-929D-4BAEF24EA62A}
		{F4860F51-78F2-4C0F-8B57-94C7BF1B24B7} = {F4860F51-78F2-4C0F-8B57-94C7BF1B24B7}
		{07C05B7D-8C49-43EA-A277-78F3A97429F5} = {07C05B7D-8C49-43EA-A277-78F3A97429F5}
	EndProjectSection
EndProject
Project("{8BC9CEB8-8B4A-11D0-8D11-00A0C91BC942}") = "ML_Clustering", "Clustering\Clustering_VS2015.vcxproj", "{676840E1-7518-48E1-A293-E124C2398A70}"
EndProject
Project("{8BC9CEB8-8B4A-11D0-8D11-00A0C91BC942}") = "ML_GeneticAlgorithm", "Genetic Algorithms\GeneticAlgorithm_VS2015.vcxproj", "{24E96846-DDAE-4F6C-BF59-733A074D1187}"
	ProjectSection(ProjectDependencies) = postProject
		{48ADCF65-6188-40DA-9E2B-42837C02334C} = {48ADCF65-6188-40DA-9E2B-42837C02334C}
	EndProjectSection
EndProject
Project("{8BC9CEB8-8B4A-11D0-8D11-00A0C91BC942}") = "Library_CRPI", "Libraries\CRPI\Library_CRPI_VS2015.vcxproj", "{F4860F51-78F2-4C0F-8B57-94C7BF1B24B7}"
	ProjectSection(ProjectDependencies) = postProject
		{6E3B2017-6E91-4498-B475-9221EF9B0C1C} = {6E3B2017-6E91-4498-B475-9221EF9B0C1C}
		{8D67212D-7C8C-42B5-9F40-C95E6BFCA2E7} = {8D67212D-7C8C-42B5-9F40-C95E6BFCA2E7}
		{48ADCF65-6188-40DA-9E2B-42837C02334C} = {48ADCF65-6188-40DA-9E2B-42837C02334C}
	EndProjectSection
EndProject
Project("{8BC9CEB8-8B4A-11D0-8D11-00A0C91BC942}") = "Library_Math", "Libraries\Math\Math_VS2015.vcxproj", "{48ADCF65-6188-40DA-9E2B-42837C02334C}"
EndProject
Project("{8BC9CEB8-8B4A-11D0-8D11-00A0C91BC942}") = "Library_MotionPrims", "Libraries\MotionPrims\MotionPrims_VS2015.vcxproj", "{07C05B7D-8C49-43EA-A277-78F3A97429F5}"
	ProjectSection(ProjectDependencies) = postProject
		{6E3B2017-6E91-4498-B475-9221EF9B0C1C} = {6E3B2017-6E91-4498-B475-9221EF9B0C1C}
		{F4860F51-78F2-4C0F-8B57-94C7BF1B24B7} = {F4860F51-78F2-4C0F-8B57-94C7BF1B24B7}
	EndProjectSection
EndProject
Project("{8BC9CEB8-8B4A-11D0-8D11-00A0C91BC942}") = "Library_RegistrationKit", "Libraries\RegistrationKit\RegistrationKit_VS2015.vcxproj", "{DD0EDC24-6135-4A9D-929D-4BAEF24EA62A}"
	ProjectSection(ProjectDependencies) = postProject
		{F4860F51-78F2-4C0F-8B57-94C7BF1B24B7} = {F4860F51-78F2-4C0F-8B57-94C7BF1B24B7}
		{48ADCF65-6188-40DA-9E2B-42837C02334C} = {48ADCF65-6188-40DA-9E2B-42837C02334C}
		{676840E1-7518-48E1-A293-E124C2398A70} = {676840E1-7518-48E1-A293-E124C2398A70}
	EndProjectSection
EndProject
Project("{8BC9CEB8-8B4A-11D0-8D11-00A0C91BC942}") = "Library_Sensor_DAQ", "Libraries\Sensor\DAQ\daq_VS2015.vcxproj", "{CF824207-7D52-40C1-91F6-9F7A3C531908}"
	ProjectSection(ProjectDependencies) = postProject
		{6E3B2017-6E91-4498-B475-9221EF9B0C1C} = {6E3B2017-6E91-4498-B475-9221EF9B0C1C}
	EndProjectSection
EndProject
Project("{8BC9CEB8-8B4A-11D0-8D11-00A0C91BC942}") = "Library_Sensor_ForceTorque", "Libraries\Sensor\Force-Torque\ForceTorque_VS2015.vcxproj", "{3AB211EE-0E84-4B5E-82F5-0E3BAB97611A}"
	ProjectSection(ProjectDependencies) = postProject
		{CF824207-7D52-40C1-91F6-9F7A3C531908} = {CF824207-7D52-40C1-91F6-9F7A3C531908}
		{6E3B2017-6E91-4498-B475-9221EF9B0C1C} = {6E3B2017-6E91-4498-B475-9221EF9B0C1C}
	EndProjectSection
EndProject
Project("{8BC9CEB8-8B4A-11D0-8D11-00A0C91BC942}") = "Library_Sensor_HRI", "Libraries\Sensor\HRI\HRI_VS2015.vcxproj", "{203FFBFB-263C-4A7D-A008-80A0EB035227}"
	ProjectSection(ProjectDependencies) = postProject
		{6E3B2017-6E91-4498-B475-9221EF9B0C1C} = {6E3B2017-6E91-4498-B475-9221EF9B0C1C}
		{F4860F51-78F2-4C0F-8B57-94C7BF1B24B7} = {F4860F51-78F2-4C0F-8B57-94C7BF1B24B7}
		{48ADCF65-6188-40DA-9E2B-42837C02334C} = {48ADCF65-6188-40DA-9E2B-42837C02334C}
	EndProjectSection
EndProject
Project("{8BC9CEB8-8B4A-11D0-8D11-00A0C91BC942}") = "Library_Sensor_MoCap", "Libraries\Sensor\MoCap\MoCap_VS2015.vcxproj", "{8748F2BF-A0A6-4140-BD90-D8B69BD526D1}"
	ProjectSection(ProjectDependencies) = postProject
		{6E3B2017-6E91-4498-B475-9221EF9B0C1C} = {6E3B2017-6E91-4498-B475-9221EF9B0C1C}
		{48ADCF65-6188-40DA-9E2B-42837C02334C} = {48ADCF65-6188-40DA-9E2B-42837C02334C}
	EndProjectSection
EndProject
Project("{8BC9CEB8-8B4A-11D0-8D11-00A0C91BC942}") = "Library_Serial", "Libraries\Serial\serial_VS2015.vcxproj", "{8D67212D-7C8C-42B5-9F40-C95E6BFCA2E7}"
EndProject
Project("{8BC9CEB8-8B4A-11D0-8D11-00A0C91BC942}") = "ML_Neuron", "Neural\Neuron\Neuron_VS2015.vcxproj", "{5547E9A2-43ED-4F42-AA74-DCC9D35D4F49}"
EndProject
Project("{8BC9CEB8-8B4A-11D0-8D11-00A0C91BC942}") = "ML_NeuralNet", "Neural\Neural Net\NeuralNet_VS2015.vcxproj", "{0249F159-7A33-4F3A-9E59-A6B14FB867B3}"
	ProjectSection(ProjectDependencies) = postProject
		{48ADCF65-6188-40DA-9E2B-42837C02334C} = {48ADCF65-6188-40DA-9E2B-42837C02334C}
		{5547E9A2-43ED-4F42-AA74-DCC9D35D4F49} = {5547E9A2-43ED-4F42-AA74-DCC9D35D4F49}
		{676840E1-7518-48E1-A293-E124C2398A70} = {676840E1-7518-48E1-A293-E124C2398A70}
	EndProjectSection
EndProject
Project("{8BC9CEB8-8B4A-11D0-8D11-00A0C91BC942}") = "ulapi", "Libraries\ulapi\win32\ulapi\ulapi_VS2015.vcxproj", "{6E3B2017-6E91-4498-B475-9221EF9B0C1C}"
EndProject
Project("{8BC9CEB8-8B4A-11D0-8D11-00A0C91BC942}") = "Application_XMLInterface", "Applications\XMLInterface\XMLInterface_VS2015.vcxproj", "{80502EF8-F5CC-4E4D-AFE9-E4A28D9F6D64}"
	ProjectSection(ProjectDependencies) = postProject
		{F4860F51-78F2-4C0F-8B57-94C7BF1B24B7} = {F4860F51-78F2-4C0F-8B57-94C7BF1B24B7}
	EndProjectSection
EndProject
Project("{8BC9CEB8-8B4A-11D0-8D11-00A0C91BC942}") = "Demo_Multi_Robot", "Applications\Mult-Robot_Demo\Multi_Robot_VS2015.vcxproj", "{4F1946EA-EE19-4335-B8D8-F400C917AF76}"
	ProjectSection(ProjectDependencies) = postProject
		{F4860F51-78F2-4C0F-8B57-94C7BF1B24B7} = {F4860F51-78F2-4C0F-8B57-94C7BF1B24B7}
		{07C05B7D-8C49-43EA-A277-78F3A97429F5} = {07C05B7D-8C49-43EA-A277-78F3A97429F5}
	EndProjectSection
EndProject
Project("{8BC9CEB8-8B4A-11D0-8D11-00A0C91BC942}") = "Demo_ViveControl", "Applications\Demo_ViveControl\Demo_ViveControl.vcxproj", "{03CE72A8-1F29-4913-98B2-D2261A93F273}"
	ProjectSection(ProjectDependencies) = postProject
		{6E3B2017-6E91-4498-B475-9221EF9B0C1C} = {6E3B2017-6E91-4498-B475-9221EF9B0C1C}
		{F4860F51-78F2-4C0F-8B57-94C7BF1B24B7} = {F4860F51-78F2-4C0F-8B57-94C7BF1B24B7}
	EndProjectSection
EndProject
Project("{8BC9CEB8-8B4A-11D0-8D11-00A0C91BC942}") = "Demo_5RobotAssembly", "Applications\5-Robot Assembly Demo\5RobotAssembly_VS2015.vcxproj", "{B2EE51C2-5287-437E-BEE3-0C79A352611A}"
	ProjectSection(ProjectDependencies) = postProject
		{DD0EDC24-6135-4A9D-929D-4BAEF24EA62A} = {DD0EDC24-6135-4A9D-929D-4BAEF24EA62A}
		{F4860F51-78F2-4C0F-8B57-94C7BF1B24B7} = {F4860F51-78F2-4C0F-8B57-94C7BF1B24B7}
	EndProjectSection
EndProject
Global
	GlobalSection(SolutionConfigurationPlatforms) = preSolution
		Debug|Win32 = Debug|Win32
		Debug|x64 = Debug|x64
		Release|Win32 = Release|Win32
		Release|x64 = Release|x64
	EndGlobalSection
	GlobalSection(ProjectConfigurationPlatforms) = postSolution
		{857B847B-CB5D-4196-BC78-1B0AFBC6DC4A}.Debug|Win32.ActiveCfg = Debug|Win32
		{857B847B-CB5D-4196-BC78-1B0AFBC6DC4A}.Debug|Win32.Build.0 = Debug|Win32
		{857B847B-CB5D-4196-BC78-1B0AFBC6DC4A}.Debug|x64.ActiveCfg = Debug|x64
		{857B847B-CB5D-4196-BC78-1B0AFBC6DC4A}.Debug|x64.Build.0 = Debug|x64
		{857B847B-CB5D-4196-BC78-1B0AFBC6DC4A}.Release|Win32.ActiveCfg = Release|Win32
		{857B847B-CB5D-4196-BC78-1B0AFBC6DC4A}.Release|Win32.Build.0 = Release|Win32
		{857B847B-CB5D-4196-BC78-1B0AFBC6DC4A}.Release|x64.ActiveCfg = Release|x64
		{857B847B-CB5D-4196-BC78-1B0AFBC6DC4A}.Release|x64.Build.0 = Release|x64
		{ED600607-3C76-4A1E-8EF9-35BF6A1FB7AC}.Debug|Win32.ActiveCfg = Debug|Win32
		{ED600607-3C76-4A1E-8EF9-35BF6A1FB7AC}.Debug|Win32.Build.0 = Debug|Win32
		{ED600607-3C76-4A1E-8EF9-35BF6A1FB7AC}.Debug|x64.ActiveCfg = Debug|x64
		{ED600607-3C76-4A1E-8EF9-35BF6A1FB7AC}.Debug|x64.Build.0 = Debug|x64
		{ED600607-3C76-4A1E-8EF9-35BF6A1FB7AC}.Release|Win32.ActiveCfg = Release|Win32
		{ED600607-3C76-4A1E-8EF9-35BF6A1FB7AC}.Release|Win32.Build.0 = Release|Win32
		{ED600607-3C76-4A1E-8EF9-35BF6A1FB7AC}.Release|x64.ActiveCfg = Release|x64
		{ED600607-3C76-4A1E-8EF9-35BF6A1FB7AC}.Release|x64.Build.0 = Release|x64
		{400FAE95-38DC-4F95-8096-A44CB8BB6974}.Debug|Win32.ActiveCfg = Debug|Win32
		{400FAE95-38DC-4F95-8096-A44CB8BB6974}.Debug|Win32.Build.0 = Debug|Win32
		{400FAE95-38DC-4F95-8096-A44CB8BB6974}.Debug|x64.ActiveCfg = Debug|x64
		{400FAE95-38DC-4F95-8096-A44CB8BB6974}.Debug|x64.Build.0 = Debug|x64
		{400FAE95-38DC-4F95-8096-A44CB8BB6974}.Release|Win32.ActiveCfg = Release|Win32
		{400FAE95-38DC-4F95-8096-A44CB8BB6974}.Release|Win32.Build.0 = Release|Win32
		{400FAE95-38DC-4F95-8096-A44CB8BB6974}.Release|x64.ActiveCfg = Release|x64
		{400FAE95-38DC-4F95-8096-A44CB8BB6974}.Release|x64.Build.0 = Release|x64
		{0E4B4E9A-6ABC-4318-8071-DFA8E1127235}.Debug|Win32.ActiveCfg = Debug|Win32
		{0E4B4E9A-6ABC-4318-8071-DFA8E1127235}.Debug|Win32.Build.0 = Debug|Win32
		{0E4B4E9A-6ABC-4318-8071-DFA8E1127235}.Debug|x64.ActiveCfg = Debug|x64
		{0E4B4E9A-6ABC-4318-8071-DFA8E1127235}.Debug|x64.Build.0 = Debug|x64
		{0E4B4E9A-6ABC-4318-8071-DFA8E1127235}.Release|Win32.ActiveCfg = Release|Win32
		{0E4B4E9A-6ABC-4318-8071-DFA8E1127235}.Release|Win32.Build.0 = Release|Win32
		{0E4B4E9A-6ABC-4318-8071-DFA8E1127235}.Release|x64.ActiveCfg = Release|x64
		{0E4B4E9A-6ABC-4318-8071-DFA8E1127235}.Release|x64.Build.0 = Release|x64
		{E9A79AE2-35AC-4F06-BB2D-D6B3957C6D4F}.Debug|Win32.ActiveCfg = Debug|Win32
		{E9A79AE2-35AC-4F06-BB2D-D6B3957C6D4F}.Debug|Win32.Build.0 = Debug|Win32
		{E9A79AE2-35AC-4F06-BB2D-D6B3957C6D4F}.Debug|x64.ActiveCfg = Debug|x64
		{E9A79AE2-35AC-4F06-BB2D-D6B3957C6D4F}.Debug|x64.Build.0 = Debug|x64
		{E9A79AE2-35AC-4F06-BB2D-D6B3957C6D4F}.Release|Win32.ActiveCfg = Release|Win32
		{E9A79AE2-35AC-4F06-BB2D-D6B3957C6D4F}.Release|Win32.Build.0 = Release|Win32
		{E9A79AE2-35AC-4F06-BB2D-D6B3957C6D4F}.Release|x64.ActiveCfg = Release|x64
		{E9A79AE2-35AC-4F06-BB2D-D6B3957C6D4F}.Release|x64.Build.0 = Release|x64
		{4875F474-8BA7-4DC0-A644-E4F7BA03CED4}.Debug|Win32.ActiveCfg = Debug|Win32
		{4875F474-8BA7-4DC0-A644-E4F7BA03CED4}.Debug|Win32.Build.0 = Debug|Win32
		{4875F474-8BA7-4DC0-A644-E4F7BA03CED4}.Debug|x64.ActiveCfg = Debug|x64
		{4875F474-8BA7-4DC0-A644-E4F7BA03CED4}.Debug|x64.Build.0 = Debug|x64
		{4875F474-8BA7-4DC0-A644-E4F7BA03CED4}.Release|Win32.ActiveCfg = Release|Win32
		{4875F474-8BA7-4DC0-A644-E4F7BA03CED4}.Release|Win32.Build.0 = Release|Win32
		{4875F474-8BA7-4DC0-A644-E4F7BA03CED4}.Release|x64.ActiveCfg = Release|x64
		{4875F474-8BA7-4DC0-A644-E4F7BA03CED4}.Release|x64.Build.0 = Release|x64
		{58CB4FEB-183E-470D-B2D3-B7698F5982E5}.Debug|Win32.ActiveCfg = Debug|Win32
		{58CB4FEB-183E-470D-B2D3-B7698F5982E5}.Debug|Win32.Build.0 = Debug|Win32
		{58CB4FEB-183E-470D-B2D3-B7698F5982E5}.Debug|x64.ActiveCfg = Debug|x64
		{58CB4FEB-183E-470D-B2D3-B7698F5982E5}.Debug|x64.Build.0 = Debug|x64
		{58CB4FEB-183E-470D-B2D3-B7698F5982E5}.Release|Win32.ActiveCfg = Release|Win32
		{58CB4FEB-183E-470D-B2D3-B7698F5982E5}.Release|Win32.Build.0 = Release|Win32
		{58CB4FEB-183E-470D-B2D3-B7698F5982E5}.Release|x64.ActiveCfg = Release|x64
		{58CB4FEB-183E-470D-B2D3-B7698F5982E5}.Release|x64.Build.0 = Release|x64
		{1EA09185-0EDE-4B06-B6A9-C2B15889B24F}.Debug|Win32.ActiveCfg = Debug|Win32
		{1EA09185-0EDE-4B06-B6A9-C2B15889B24F}.Debug|Win32.Build.0 = Debug|Win32
		{1EA09185-0EDE-4B06-B6A9-C2B15889B24F}.Debug|x64.ActiveCfg = Debug|x64
		{1EA09185-0EDE-4B06-B6A9-C2B15889B24F}.Debug|x64.Build.0 = Debug|x64
		{1EA09185-0EDE-4B06-B6A9-C2B15889B24F}.Release|Win32.ActiveCfg = Release|Win32
		{1EA09185-0EDE-4B06-B6A9-C2B15889B24F}.Release|Win32.Build.0 = Release|Win32
		{1EA09185-0EDE-4B06-B6A9-C2B15889B24F}.Release|x64.ActiveCfg = Release|x64
		{1EA09185-0EDE-4B06-B6A9-C2B15889B24F}.Release|x64.Build.0 = Release|x64
		{82C5E58B-4158-4CD3-92E9-30CA199A57FC}.Debug|Win32.ActiveCfg = Debug|Win32
		{82C5E58B-4158-4CD3-92E9-30CA199A57FC}.Debug|Win32.Build.0 = Debug|Win32
		{82C5E58B-4158-4CD3-92E9-30CA199A57FC}.Debug|x64.ActiveCfg = Debug|Win32
		{82C5E58B-4158-4CD3-92E9-30CA199A57FC}.Release|Win32.ActiveCfg = Release|Win32
		{82C5E58B-4158-4CD3-92E9-30CA199A57FC}.Release|Win32.Build.0 = Release|Win32
		{82C5E58B-4158-4CD3-92E9-30CA199A57FC}.Release|x64.ActiveCfg = Release|Win32
		{ED4E72C7-B631-40AD-9CF0-2F678609EEA5}.Debug|Win32.ActiveCfg = Debug|Win32
		{ED4E72C7-B631-40AD-9CF0-2F678609EEA5}.Debug|Win32.Build.0 = Debug|Win32
		{ED4E72C7-B631-40AD-9CF0-2F678609EEA5}.Debug|x64.ActiveCfg = Debug|x64
		{ED4E72C7-B631-40AD-9CF0-2F678609EEA5}.Debug|x64.Build.0 = Debug|x64
		{ED4E72C7-B631-40AD-9CF0-2F678609EEA5}.Release|Win32.ActiveCfg = Release|Win32
		{ED4E72C7-B631-40AD-9CF0-2F678609EEA5}.Release|Win32.Build.0 = Release|Win32
		{ED4E72C7-B631-40AD-9CF0-2F678609EEA5}.Release|x64.ActiveCfg = Release|x64
		{ED4E72C7-B631-40AD-9CF0-2F678609EEA5}.Release|x64.Build.0 = Release|x64
		{676840E1-7518-48E1-A293-E124C2398A70}.Debug|Win32.ActiveCfg = Debug|Win32
		{676840E1-7518-48E1-A293-E124C2398A70}.Debug|Win32.Build.0 = Debug|Win32
		{676840E1-7518-48E1-A293-E124C2398A70}.Debug|x64.ActiveCfg = Debug|x64
		{676840E1-7518-48E1-A293-E124C2398A70}.Debug|x64.Build.0 = Debug|x64
		{676840E1-7518-48E1-A293-E124C2398A70}.Release|Win32.ActiveCfg = Release|Win32
		{676840E1-7518-48E1-A293-E124C2398A70}.Release|Win32.Build.0 = Release|Win32
		{676840E1-7518-48E1-A293-E124C2398A70}.Release|x64.ActiveCfg = Release|x64
		{676840E1-7518-48E1-A293-E124C2398A70}.Release|x64.Build.0 = Release|x64
		{24E96846-DDAE-4F6C-BF59-733A074D1187}.Debug|Win32.ActiveCfg = Debug|Win32
		{24E96846-DDAE-4F6C-BF59-733A074D1187}.Debug|Win32.Build.0 = Debug|Win32
		{24E96846-DDAE-4F6C-BF59-733A074D1187}.Debug|x64.ActiveCfg = Debug|x64
		{24E96846-DDAE-4F6C-BF59-733A074D1187}.Debug|x64.Build.0 = Debug|x64
		{24E96846-DDAE-4F6C-BF59-733A074D1187}.Release|Win32.ActiveCfg = Release|Win32
		{24E96846-DDAE-4F6C-BF59-733A074D1187}.Release|Win32.Build.0 = Release|Win32
		{24E96846-DDAE-4F6C-BF59-733A074D1187}.Release|x64.ActiveCfg = Release|x64
		{24E96846-DDAE-4F6C-BF59-733A074D1187}.Release|x64.Build.0 = Release|x64
		{F4860F51-78F2-4C0F-8B57-94C7BF1B24B7}.Debug|Win32.ActiveCfg = Debug|Win32
		{F4860F51-78F2-4C0F-8B57-94C7BF1B24B7}.Debug|Win32.Build.0 = Debug|Win32
		{F4860F51-78F2-4C0F-8B57-94C7BF1B24B7}.Debug|x64.ActiveCfg = Debug|x64
		{F4860F51-78F2-4C0F-8B57-94C7BF1B24B7}.Debug|x64.Build.0 = Debug|x64
		{F4860F51-78F2-4C0F-8B57-94C7BF1B24B7}.Release|Win32.ActiveCfg = Release|Win32
		{F4860F51-78F2-4C0F-8B57-94C7BF1B24B7}.Release|Win32.Build.0 = Release|Win32
		{F4860F51-78F2-4C0F-8B57-94C7BF1B24B7}.Release|x64.ActiveCfg = Release|x64
		{F4860F51-78F2-4C0F-8B57-94C7BF1B24B7}.Release|x64.Build.0 = Release|x64
		{48ADCF65-6188-40DA-9E2B-42837C02334C}.Debug|Win32.ActiveCfg = Debug|Win32
		{48ADCF65-6188-40DA-9E2B-42837C02334C}.Debug|Win32.Build.0 = Debug|Win32
		{48ADCF65-6188-40DA-9E2B-42837C02334C}.Debug|x64.ActiveCfg = Debug|x64
		{48ADCF65-6188-40DA-9E2B-42837C02334C}.Debug|x64.Build.0 = Debug|x64
		{48ADCF65-6188-40DA-9E2B-42837C02334C}.Release|Win32.ActiveCfg = Release|Win32
		{48ADCF65-6188-40DA-9E2B-42837C02334C}.Release|Win32.Build.0 = Release|Win32
		{48ADCF65-6188-40DA-9E2B-42837C02334C}.Release|x64.ActiveCfg = Release|x64
		{48ADCF65-6188-40DA-9E2B-42837C02334C}.Release|x64.Build.0 = Release|x64
		{07C05B7D-8C49-43EA-A277-78F3A97429F5}.Debug|Win32.ActiveCfg = Debug|Win32
		{07C05B7D-8C49-43EA-A277-78F3A97429F5}.Debug|Win32.Build.0 = Debug|Win32
		{07C05B7D-8C49-43EA-A277-78F3A97429F5}.Debug|x64.ActiveCfg = Debug|x64
		{07C05B7D-8C49-43EA-A277-78F3A97429F5}.Debug|x64.Build.0 = Debug|x64
		{07C05B7D-8C49-43EA-A277-78F3A97429F5}.Release|Win32.ActiveCfg = Release|Win32
		{07C05B7D-8C49-43EA-A277-78F3A97429F5}.Release|Win32.Build.0 = Release|Win32
		{07C05B7D-8C49-43EA-A277-78F3A97429F5}.Release|x64.ActiveCfg = Release|x64
		{07C05B7D-8C49-43EA-A277-78F3A97429F5}.Release|x64.Build.0 = Release|x64
		{DD0EDC24-6135-4A9D-929D-4BAEF24EA62A}.Debug|Win32.ActiveCfg = Debug|Win32
		{DD0EDC24-6135-4A9D-929D-4BAEF24EA62A}.Debug|Win32.Build.0 = Debug|Win32
		{DD0EDC24-6135-4A9D-929D-4BAEF24EA62A}.Debug|x64.ActiveCfg = Debug|x64
		{DD0EDC24-6135-4A9D-929D-4BAEF24EA62A}.Debug|x64.Build.0 = Debug|x64
		{DD0EDC24-6135-4A9D-929D-4BAEF24EA62A}.Release|Win32.ActiveCfg = Release|Win32
		{DD0EDC24-6135-4A9D-929D-4BAEF24EA62A}.Release|Win32.Build.0 = Release|Win32
		{DD0EDC24-6135-4A9D-929D-4BAEF24EA62A}.Release|x64.ActiveCfg = Release|x64
		{DD0EDC24-6135-4A9D-929D-4BAEF24EA62A}.Release|x64.Build.0 = Release|x64
		{CF824207-7D52-40C1-91F6-9F7A3C531908}.Debug|Win32.ActiveCfg = Debug|Win32
		{CF824207-7D52-40C1-91F6-9F7A3C531908}.Debug|Win32.Build.0 = Debug|Win32
		{CF824207-7D52-40C1-91F6-9F7A3C531908}.Debug|x64.ActiveCfg = Debug|x64
		{CF824207-7D52-40C1-91F6-9F7A3C531908}.Debug|x64.Build.0 = Debug|x64
		{CF824207-7D52-40C1-91F6-9F7A3C531908}.Release|Win32.ActiveCfg = Release|Win32
		{CF824207-7D52-40C1-91F6-9F7A3C531908}.Release|Win32.Build.0 = Release|Win32
		{CF824207-7D52-40C1-91F6-9F7A3C531908}.Release|x64.ActiveCfg = Release|x64
		{CF824207-7D52-40C1-91F6-9F7A3C531908}.Release|x64.Build.0 = Release|x64
		{3AB211EE-0E84-4B5E-82F5-0E3BAB97611A}.Debug|Win32.ActiveCfg = Debug|Win32
		{3AB211EE-0E84-4B5E-82F5-0E3BAB97611A}.Debug|Win32.Build.0 = Debug|Win32
		{3AB211EE-0E84-4B5E-82F5-0E3BAB97611A}.Debug|x64.ActiveCfg = Debug|x64
		{3AB211EE-0E84-4B5E-82F5-0E3BAB97611A}.Debug|x64.Build.0 = Debug|x64
		{3AB211EE-0E84-4B5E-82F5-0E3BAB97611A}.Release|Win32.ActiveCfg = Release|Win32
		{3AB211EE-0E84-4B5E-82F5-0E3BAB97611A}.Release|Win32.Build.0 = Release|Win32
		{3AB211EE-0E84-4B5E-82F5-0E3BAB97611A}.Release|x64.ActiveCfg = Release|x64
		{3AB211EE-0E84-4B5E-82F5-0E3BAB97611A}.Release|x64.Build.0 = Release|x64
		{203FFBFB-263C-4A7D-A008-80A0EB035227}.Debug|Win32.ActiveCfg = Debug|Win32
		{203FFBFB-263C-4A7D-A008-80A0EB035227}.Debug|Win32.Build.0 = Debug|Win32
		{203FFBFB-263C-4A7D-A008-80A0EB035227}.Debug|x64.ActiveCfg = Debug|x64
		{203FFBFB-263C-4A7D-A008-80A0EB035227}.Debug|x64.Build.0 = Debug|x64
		{203FFBFB-263C-4A7D-A008-80A0EB035227}.Release|Win32.ActiveCfg = Release|Win32
		{203FFBFB-263C-4A7D-A008-80A0EB035227}.Release|Win32.Build.0 = Release|Win32
		{203FFBFB-263C-4A7D-A008-80A0EB035227}.Release|x64.ActiveCfg = Release|x64
		{203FFBFB-263C-4A7D-A008-80A0EB035227}.Release|x64.Build.0 = Release|x64
		{8748F2BF-A0A6-4140-BD90-D8B69BD526D1}.Debug|Win32.ActiveCfg = Debug|Win32
		{8748F2BF-A0A6-4140-BD90-D8B69BD526D1}.Debug|Win32.Build.0 = Debug|Win32
		{8748F2BF-A0A6-4140-BD90-D8B69BD526D1}.Debug|x64.ActiveCfg = Debug|x64
		{8748F2BF-A0A6-4140-BD90-D8B69BD526D1}.Debug|x64.Build.0 = Debug|x64
		{8748F2BF-A0A6-4140-BD90-D8B69BD526D1}.Release|Win32.ActiveCfg = Release|Win32
		{8748F2BF-A0A6-4140-BD90-D8B69BD526D1}.Release|Win32.Build.0 = Release|Win32
		{8748F2BF-A0A6-4140-BD90-D8B69BD526D1}.Release|x64.ActiveCfg = Release|x64
		{8748F2BF-A0A6-4140-BD90-D8B69BD526D1}.Release|x64.Build.0 = Release|x64
		{8D67212D-7C8C-42B5-9F40-C95E6BFCA2E7}.Debug|Win32.ActiveCfg = Debug|Win32
		{8D67212D-7C8C-42B5-9F40-C95E6BFCA2E7}.Debug|Win32.Build.0 = Debug|Win32
		{8D67212D-7C8C-42B5-9F40-C95E6BFCA2E7}.Debug|x64.ActiveCfg = Debug|x64
		{8D67212D-7C8C-42B5-9F40-C95E6BFCA2E7}.Debug|x64.Build.0 = Debug|x64
		{8D67212D-7C8C-42B5-9F40-C95E6BFCA2E7}.Release|Win32.ActiveCfg = Release|Win32
		{8D67212D-7C8C-42B5-9F40-C95E6BFCA2E7}.Release|Win32.Build.0 = Release|Win32
		{8D67212D-7C8C-42B5-9F40-C95E6BFCA2E7}.Release|x64.ActiveCfg = Release|x64
		{8D67212D-7C8C-42B5-9F40-C95E6BFCA2E7}.Release|x64.Build.0 = Release|x64
		{5547E9A2-43ED-4F42-AA74-DCC9D35D4F49}.Debug|Win32.ActiveCfg = Debug|Win32
		{5547E9A2-43ED-4F42-AA74-DCC9D35D4F49}.Debug|Win32.Build.0 = Debug|Win32
		{5547E9A2-43ED-4F42-AA74-DCC9D35D4F49}.Debug|x64.ActiveCfg = Debug|x64
		{5547E9A2-43ED-4F42-AA74-DCC9D35D4F49}.Debug|x64.Build.0 = Debug|x64
		{5547E9A2-43ED-4F42-AA74-DCC9D35D4F49}.Release|Win32.ActiveCfg = Release|Win32
		{5547E9A2-43ED-4F42-AA74-DCC9D35D4F49}.Release|Win32.Build.0 = Release|Win32
		{5547E9A2-43ED-4F42-AA74-DCC9D35D4F49}.Release|x64.ActiveCfg = Release|x64
		{5547E9A2-43ED-4F42-AA74-DCC9D35D4F49}.Release|x64.Build.0 = Release|x64
		{0249F159-7A33-4F3A-9E59-A6B14FB867B3}.Debug|Win32.ActiveCfg = Debug|Win32
		{0249F159-7A33-4F3A-9E59-A6B14FB867B3}.Debug|Win32.Build.0 = Debug|Win32
		{0249F159-7A33-4F3A-9E59-A6B14FB867B3}.Debug|x64.ActiveCfg = Debug|x64
		{0249F159-7A33-4F3A-9E59-A6B14FB867B3}.Debug|x64.Build.0 = Debug|x64
		{0249F159-7A33-4F3A-9E59-A6B14FB867B3}.Release|Win32.ActiveCfg = Release|Win32
		{0249F159-7A33-4F3A-9E59-A6B14FB867B3}.Release|Win32.Build.0 = Release|Win32
		{0249F159-7A33-4F3A-9E59-A6B14FB867B3}.Release|x64.ActiveCfg = Release|x64
		{0249F159-7A33-4F3A-9E59-A6B14FB867B3}.Release|x64.Build.0 = Release|x64
		{6E3B2017-6E91-4498-B475-9221EF9B0C1C}.Debug|Win32.ActiveCfg = Debug|Win32
		{6E3B2017-6E91-4498-B475-9221EF9B0C1C}.Debug|Win32.Build.0 = Debug|Win32
		{6E3B2017-6E91-4498-B475-9221EF9B0C1C}.Debug|x64.ActiveCfg = Debug|x64
		{6E3B2017-6E91-4498-B475-9221EF9B0C1C}.Debug|x64.Build.0 = Debug|x64
		{6E3B2017-6E91-4498-B475-9221EF9B0C1C}.Release|Win32.ActiveCfg = Release|Win32
		{6E3B2017-6E91-4498-B475-9221EF9B0C1C}.Release|Win32.Build.0 = Release|Win32
		{6E3B2017-6E91-4498-B475-9221EF9B0C1C}.Release|x64.ActiveCfg = Release|x64
		{6E3B2017-6E91-4498-B475-9221EF9B0C1C}.Release|x64.Build.0 = Release|x64
		{80502EF8-F5CC-4E4D-AFE9-E4A28D9F6D64}.Debug|Win32.ActiveCfg = Debug|Win32
		{80502EF8-F5CC-4E4D-AFE9-E4A28D9F6D64}.Debug|Win32.Build.0 = Debug|Win32
		{80502EF8-F5CC-4E4D-AFE9-E4A28D9F6D64}.Debug|x64.ActiveCfg = Debug|x64
		{80502EF8-F5CC-4E4D-AFE9-E4A28D9F6D64}.Debug|x64.Build.0 = Debug|x64
		{80502EF8-F5CC-4E4D-AFE9-E4A28D9F6D64}.Release|Win32.ActiveCfg = Release|Win32
		{80502EF8-F5CC-4E4D-AFE9-E4A28D9F6D64}.Release|Win32.Build.0 = Release|Win32
		{80502EF8-F5CC-4E4D-AFE9-E4A28D9F6D64}.Release|x64.ActiveCfg = Release|x64
		{80502EF8-F5CC-4E4D-AFE9-E4A28D9F6D64}.Release|x64.Build.0 = Release|x64
		{4F1946EA-EE19-4335-B8D8-F400C917AF76}.Debug|Win32.ActiveCfg = Debug|Win32
		{4F1946EA-EE19-4335-B8D8-F400C917AF76}.Debug|Win32.Build.0 = Debug|Win32
		{4F1946EA-EE19-4335-B8D8-F400C917AF76}.Debug|x64.ActiveCfg = Debug|x64
		{4F1946EA-EE19-4335-B8D8-F400C917AF76}.Debug|x64.Build.0 = Debug|x64
		{4F1946EA-EE19-4335-B8D8-F400C917AF76}.Release|Win32.ActiveCfg = Release|Win32
		{4F1946EA-EE19-4335-B8D8-F400C917AF76}.Release|Win32.Build.0 = Release|Win32
		{4F1946EA-EE19-4335-B8D8-F400C917AF76}.Release|x64.ActiveCfg = Release|x64
		{4F1946EA-EE19-4335-B8D8-F400C917AF76}.Release|x64.Build.0 = Release|x64
		{03CE72A8-1F29-4913-98B2-D2261A93F273}.Debug|Win32.ActiveCfg = Debug|Win32
		{03CE72A8-1F29-4913-98B2-D2261A93F273}.Debug|Win32.Build.0 = Debug|Win32
		{03CE72A8-1F29-4913-98B2-D2261A93F273}.Debug|x64.ActiveCfg = Debug|x64
		{03CE72A8-1F29-4913-98B2-D2261A93F273}.Debug|x64.Build.0 = Debug|x64
		{03CE72A8-1F29-4913-98B2-D2261A93F273}.Release|Win32.ActiveCfg = Release|Win32
		{03CE72A8-1F29-4913-98B2-D2261A93F273}.Release|Win32.Build.0 = Release|Win32
		{03CE72A8-1F29-4913-98B2-D2261A93F273}.Release|x64.ActiveCfg = Release|x64
		{03CE72A8-1F29-4913-98B2-D2261A93F273}.Release|x64.Build.0 = Release|x64
		{B2EE51C2-5287-437E-BEE3-0C79A352611A}.Debug|Win32.ActiveCfg = Debug|Win32
		{B2EE51C2-5287-437E-BEE3-0C79A352611A}.Debug|Win32.Build.0 = Debug|Win32
		{B2EE51C2-5287-437E-BEE3-0C79A352611A}.Debug|x64.ActiveCfg = Debug|x64
		{B2EE51C2-5287-437E-BEE3-0C79A352611A}.Debug|x64.Build.0 = Debug|x64
		{B2EE51C2-5287-437E-BEE3-0C79A352611A}.Release|Win32.ActiveCfg = Release|Win32
		{B2EE51C2-5287-437E-BEE3-0C79A352611A}.Release|Win32.Build.0 = Release|Win32
		{B2EE51C2-5287-437E-BEE3-0C79A352611A}.Release|x64.ActiveCfg = Release|x64
		{B2EE51C2-5287-437E-BEE3-0C79A352611A}.Release|x64.Build.0 = Release|x64
	EndGlobalSection
	GlobalSection(SolutionProperties) = preSolution
		HideSolutionNode = FALSE
	EndGlobalSection
EndGlobal
