
Microsoft Visual Studio Solution File, Format Version 12.00
# Visual C++ Express 2010
Project("{8BC9CEB8-8B4A-11D0-8D11-00A0C91BC942}") = "ML_Clustering", "Clustering\Clustering.vcxproj", "{70FCFA54-488D-4E6E-999B-E405EABCC419}"
EndProject
Project("{8BC9CEB8-8B4A-11D0-8D11-00A0C91BC942}") = "Library_Math", "Libraries\Math\Math.vcxproj", "{0989CCEA-4834-4AAA-BB6E-554550ED5407}"
EndProject
Project("{8BC9CEB8-8B4A-11D0-8D11-00A0C91BC942}") = "ML_NeuralNet", "Neural\Neural Net\NeuralNet.vcxproj", "{1BE2DA12-69AE-42A2-A4AD-FB6FDE934615}"
	ProjectSection(ProjectDependencies) = postProject
		{70FCFA54-488D-4E6E-999B-E405EABCC419} = {70FCFA54-488D-4E6E-999B-E405EABCC419}
		{B585035C-FEEE-4974-8CD5-538306C80AC1} = {B585035C-FEEE-4974-8CD5-538306C80AC1}
		{0989CCEA-4834-4AAA-BB6E-554550ED5407} = {0989CCEA-4834-4AAA-BB6E-554550ED5407}
	EndProjectSection
EndProject
Project("{8BC9CEB8-8B4A-11D0-8D11-00A0C91BC942}") = "ML_Neuron", "Neural\Neuron\Neuron.vcxproj", "{B585035C-FEEE-4974-8CD5-538306C80AC1}"
EndProject
Project("{8BC9CEB8-8B4A-11D0-8D11-00A0C91BC942}") = "ML_GeneticAlgorithm", "Genetic Algorithms\GeneticAlgorithm.vcxproj", "{D121F41E-B1E6-48EC-BA14-6DADAC11FBD0}"
	ProjectSection(ProjectDependencies) = postProject
		{0989CCEA-4834-4AAA-BB6E-554550ED5407} = {0989CCEA-4834-4AAA-BB6E-554550ED5407}
	EndProjectSection
EndProject
Project("{8BC9CEB8-8B4A-11D0-8D11-00A0C91BC942}") = "Application_Demo_Multithread", "Applications\MultiThreaded Demo\multithread.vcxproj", "{ECA94D57-8204-4A6E-9055-56C689E28C92}"
EndProject
Project("{8BC9CEB8-8B4A-11D0-8D11-00A0C91BC942}") = "Application_UnitTest", "Applications\Unit_Test\UnitTest.vcxproj", "{FDF69CA4-F0FA-488B-BAF9-4F23EC40C59A}"
	ProjectSection(ProjectDependencies) = postProject
		{ABAEDC09-C3D7-4256-A7B6-19D63702D6F6} = {ABAEDC09-C3D7-4256-A7B6-19D63702D6F6}
		{C1D76810-6DAE-4D21-B0AB-6E2FEF45ED62} = {C1D76810-6DAE-4D21-B0AB-6E2FEF45ED62}
		{4703EE10-DB0B-4CBE-85F5-BC0577184E33} = {4703EE10-DB0B-4CBE-85F5-BC0577184E33}
		{BB3EBC65-6B4C-4984-B330-2F16FC09ECCF} = {BB3EBC65-6B4C-4984-B330-2F16FC09ECCF}
		{BFBBD29E-8429-4067-8FA1-17494AD9F3DA} = {BFBBD29E-8429-4067-8FA1-17494AD9F3DA}
		{2FBA67A5-F5A6-455E-BEDA-C057953B3E5A} = {2FBA67A5-F5A6-455E-BEDA-C057953B3E5A}
		{5C7A2DD9-F274-4388-9D15-454484540EBA} = {5C7A2DD9-F274-4388-9D15-454484540EBA}
		{0989CCEA-4834-4AAA-BB6E-554550ED5407} = {0989CCEA-4834-4AAA-BB6E-554550ED5407}
		{4E9A45FE-649F-4636-A5C6-A7EC3A40F1E2} = {4E9A45FE-649F-4636-A5C6-A7EC3A40F1E2}
	EndProjectSection
EndProject
Project("{8BC9CEB8-8B4A-11D0-8D11-00A0C91BC942}") = "Application_Demo_PingPong", "Applications\PingPong\PingPong.vcxproj", "{5AB2C03C-2A39-4124-B210-94DF63DDD6B6}"
	ProjectSection(ProjectDependencies) = postProject
		{6E3B2017-6E91-4498-B475-9221EF9B0C1C} = {6E3B2017-6E91-4498-B475-9221EF9B0C1C}
	EndProjectSection
EndProject
Project("{8BC9CEB8-8B4A-11D0-8D11-00A0C91BC942}") = "Library_Serial", "Libraries\Serial\serial.vcxproj", "{5C7A2DD9-F274-4388-9D15-454484540EBA}"
EndProject
Project("{8BC9CEB8-8B4A-11D0-8D11-00A0C91BC942}") = "Library_MotionPrims", "Libraries\MotionPrims\MotionPrims.vcxproj", "{BB3EBC65-6B4C-4984-B330-2F16FC09ECCF}"
	ProjectSection(ProjectDependencies) = postProject
		{ABAEDC09-C3D7-4256-A7B6-19D63702D6F6} = {ABAEDC09-C3D7-4256-A7B6-19D63702D6F6}
	EndProjectSection
EndProject
Project("{8BC9CEB8-8B4A-11D0-8D11-00A0C91BC942}") = "Library_CRPI", "Libraries\CRPI\Library_CRPI.vcxproj", "{ABAEDC09-C3D7-4256-A7B6-19D63702D6F6}"
	ProjectSection(ProjectDependencies) = postProject
		{0989CCEA-4834-4AAA-BB6E-554550ED5407} = {0989CCEA-4834-4AAA-BB6E-554550ED5407}
	EndProjectSection
EndProject
Project("{8BC9CEB8-8B4A-11D0-8D11-00A0C91BC942}") = "Application_LabVIEWInterface", "Applications\LabVIEW Interface\LabVIEWInterface.vcxproj", "{FD81F7C7-E660-479A-9750-42BEED8E7A2F}"
	ProjectSection(ProjectDependencies) = postProject
		{ABAEDC09-C3D7-4256-A7B6-19D63702D6F6} = {ABAEDC09-C3D7-4256-A7B6-19D63702D6F6}
		{5C7A2DD9-F274-4388-9D15-454484540EBA} = {5C7A2DD9-F274-4388-9D15-454484540EBA}
	EndProjectSection
EndProject
Project("{8BC9CEB8-8B4A-11D0-8D11-00A0C91BC942}") = "Application_PegInHole", "Applications\Assembly_Peg_In_Hole\PegInHole.vcxproj", "{7414CCCD-A155-47BE-A30D-DFFF4BFEA6F6}"
	ProjectSection(ProjectDependencies) = postProject
		{ABAEDC09-C3D7-4256-A7B6-19D63702D6F6} = {ABAEDC09-C3D7-4256-A7B6-19D63702D6F6}
	EndProjectSection
EndProject
Project("{8BC9CEB8-8B4A-11D0-8D11-00A0C91BC942}") = "Application_AngledNinePeg", "Applications\AngledNinePeg\AngledNinePeg.vcxproj", "{2D75AD1D-451A-43F3-BDAA-10846E0D00EF}"
	ProjectSection(ProjectDependencies) = postProject
		{ABAEDC09-C3D7-4256-A7B6-19D63702D6F6} = {ABAEDC09-C3D7-4256-A7B6-19D63702D6F6}
		{BB3EBC65-6B4C-4984-B330-2F16FC09ECCF} = {BB3EBC65-6B4C-4984-B330-2F16FC09ECCF}
		{5C7A2DD9-F274-4388-9D15-454484540EBA} = {5C7A2DD9-F274-4388-9D15-454484540EBA}
	EndProjectSection
EndProject
Project("{8BC9CEB8-8B4A-11D0-8D11-00A0C91BC942}") = "Library_Sensor_DAQ", "Libraries\Sensor\DAQ\daq.vcxproj", "{2FBA67A5-F5A6-455E-BEDA-C057953B3E5A}"
EndProject
Project("{8BC9CEB8-8B4A-11D0-8D11-00A0C91BC942}") = "Library_Sensor_ForceTorque", "Libraries\Sensor\Force-Torque\ForceTorque.vcxproj", "{4703EE10-DB0B-4CBE-85F5-BC0577184E33}"
	ProjectSection(ProjectDependencies) = postProject
		{ABAEDC09-C3D7-4256-A7B6-19D63702D6F6} = {ABAEDC09-C3D7-4256-A7B6-19D63702D6F6}
	EndProjectSection
EndProject
Project("{8BC9CEB8-8B4A-11D0-8D11-00A0C91BC942}") = "Library_Sensor_MoCap", "Libraries\Sensor\MoCap\MoCap.vcxproj", "{4E9A45FE-649F-4636-A5C6-A7EC3A40F1E2}"
	ProjectSection(ProjectDependencies) = postProject
		{ABAEDC09-C3D7-4256-A7B6-19D63702D6F6} = {ABAEDC09-C3D7-4256-A7B6-19D63702D6F6}
		{0989CCEA-4834-4AAA-BB6E-554550ED5407} = {0989CCEA-4834-4AAA-BB6E-554550ED5407}
	EndProjectSection
EndProject
Project("{8BC9CEB8-8B4A-11D0-8D11-00A0C91BC942}") = "Library_RegistrationKit", "Libraries\RegistrationKit\RegistrationKit.vcxproj", "{BFBBD29E-8429-4067-8FA1-17494AD9F3DA}"
	ProjectSection(ProjectDependencies) = postProject
		{ABAEDC09-C3D7-4256-A7B6-19D63702D6F6} = {ABAEDC09-C3D7-4256-A7B6-19D63702D6F6}
	EndProjectSection
EndProject
Project("{8BC9CEB8-8B4A-11D0-8D11-00A0C91BC942}") = "Application_Demo_ArmHand", "Applications\Arm-Hand Demo\ArmHandDemo.vcxproj", "{1D7C5BF6-9CC1-423A-B72F-98DCA4DDA78B}"
	ProjectSection(ProjectDependencies) = postProject
		{ABAEDC09-C3D7-4256-A7B6-19D63702D6F6} = {ABAEDC09-C3D7-4256-A7B6-19D63702D6F6}
		{4703EE10-DB0B-4CBE-85F5-BC0577184E33} = {4703EE10-DB0B-4CBE-85F5-BC0577184E33}
		{2FBA67A5-F5A6-455E-BEDA-C057953B3E5A} = {2FBA67A5-F5A6-455E-BEDA-C057953B3E5A}
		{5C7A2DD9-F274-4388-9D15-454484540EBA} = {5C7A2DD9-F274-4388-9D15-454484540EBA}
		{4E9A45FE-649F-4636-A5C6-A7EC3A40F1E2} = {4E9A45FE-649F-4636-A5C6-A7EC3A40F1E2}
	EndProjectSection
EndProject
Project("{8BC9CEB8-8B4A-11D0-8D11-00A0C91BC942}") = "Application_Demo_CoordinatedAssembly", "Applications\Assembly_Coordinated\AssemblyCoordinated.vcxproj", "{A874D4B1-1F08-4434-9E17-3576267EC6D2}"
	ProjectSection(ProjectDependencies) = postProject
		{ABAEDC09-C3D7-4256-A7B6-19D63702D6F6} = {ABAEDC09-C3D7-4256-A7B6-19D63702D6F6}
		{BB3EBC65-6B4C-4984-B330-2F16FC09ECCF} = {BB3EBC65-6B4C-4984-B330-2F16FC09ECCF}
		{BFBBD29E-8429-4067-8FA1-17494AD9F3DA} = {BFBBD29E-8429-4067-8FA1-17494AD9F3DA}
	EndProjectSection
EndProject
Project("{8BC9CEB8-8B4A-11D0-8D11-00A0C91BC942}") = "Application_Registration", "Applications\Register\Registration.vcxproj", "{90595FF5-D85A-44F1-8BDF-A4FEC52B9CA5}"
	ProjectSection(ProjectDependencies) = postProject
		{ABAEDC09-C3D7-4256-A7B6-19D63702D6F6} = {ABAEDC09-C3D7-4256-A7B6-19D63702D6F6}
		{4703EE10-DB0B-4CBE-85F5-BC0577184E33} = {4703EE10-DB0B-4CBE-85F5-BC0577184E33}
		{BFBBD29E-8429-4067-8FA1-17494AD9F3DA} = {BFBBD29E-8429-4067-8FA1-17494AD9F3DA}
		{2FBA67A5-F5A6-455E-BEDA-C057953B3E5A} = {2FBA67A5-F5A6-455E-BEDA-C057953B3E5A}
		{5C7A2DD9-F274-4388-9D15-454484540EBA} = {5C7A2DD9-F274-4388-9D15-454484540EBA}
		{4E9A45FE-649F-4636-A5C6-A7EC3A40F1E2} = {4E9A45FE-649F-4636-A5C6-A7EC3A40F1E2}
	EndProjectSection
EndProject
Project("{8BC9CEB8-8B4A-11D0-8D11-00A0C91BC942}") = "Grasp_Planning", "Applications\Grasp_Planning\Grasp_Planning.vcxproj", "{22276112-EF87-4B8A-9C08-55BCD90B2C13}"
EndProject
Project("{8BC9CEB8-8B4A-11D0-8D11-00A0C91BC942}") = "Library_Sensor_HRI", "Libraries\Sensor\HRI\HRI.vcxproj", "{C1D76810-6DAE-4D21-B0AB-6E2FEF45ED62}"
EndProject
Project("{8BC9CEB8-8B4A-11D0-8D11-00A0C91BC942}") = "Application_CRPI_Eval", "Applications\CRPI_Eval\CRPI_Eval.vcxproj", "{64E2C4CA-2113-408B-A08F-089BA8875005}"
	ProjectSection(ProjectDependencies) = postProject
		{ABAEDC09-C3D7-4256-A7B6-19D63702D6F6} = {ABAEDC09-C3D7-4256-A7B6-19D63702D6F6}
	EndProjectSection
EndProject
Project("{8BC9CEB8-8B4A-11D0-8D11-00A0C91BC942}") = "ulapi", "Libraries\ulapi\win32\ulapi\ulapi.vcxproj", "{6E3B2017-6E91-4498-B475-9221EF9B0C1C}"
EndProject
Project("{8BC9CEB8-8B4A-11D0-8D11-00A0C91BC942}") = "Application_MobileManipulator", "Applications\MobileManipulator\MobileManipulator.vcxproj", "{6277501A-98C6-41CB-94D2-C865C89517D1}"
	ProjectSection(ProjectDependencies) = postProject
		{ABAEDC09-C3D7-4256-A7B6-19D63702D6F6} = {ABAEDC09-C3D7-4256-A7B6-19D63702D6F6}
	EndProjectSection
EndProject
Global
	GlobalSection(SolutionConfigurationPlatforms) = preSolution
		Debug|Win32 = Debug|Win32
		Release|Win32 = Release|Win32
	EndGlobalSection
	GlobalSection(ProjectConfigurationPlatforms) = postSolution
		{70FCFA54-488D-4E6E-999B-E405EABCC419}.Debug|Win32.ActiveCfg = Debug|Win32
		{70FCFA54-488D-4E6E-999B-E405EABCC419}.Debug|Win32.Build.0 = Debug|Win32
		{70FCFA54-488D-4E6E-999B-E405EABCC419}.Release|Win32.ActiveCfg = Release|Win32
		{70FCFA54-488D-4E6E-999B-E405EABCC419}.Release|Win32.Build.0 = Release|Win32
		{0989CCEA-4834-4AAA-BB6E-554550ED5407}.Debug|Win32.ActiveCfg = Debug|Win32
		{0989CCEA-4834-4AAA-BB6E-554550ED5407}.Debug|Win32.Build.0 = Debug|Win32
		{0989CCEA-4834-4AAA-BB6E-554550ED5407}.Release|Win32.ActiveCfg = Release|Win32
		{0989CCEA-4834-4AAA-BB6E-554550ED5407}.Release|Win32.Build.0 = Release|Win32
		{1BE2DA12-69AE-42A2-A4AD-FB6FDE934615}.Debug|Win32.ActiveCfg = Debug|Win32
		{1BE2DA12-69AE-42A2-A4AD-FB6FDE934615}.Debug|Win32.Build.0 = Debug|Win32
		{1BE2DA12-69AE-42A2-A4AD-FB6FDE934615}.Release|Win32.ActiveCfg = Release|Win32
		{1BE2DA12-69AE-42A2-A4AD-FB6FDE934615}.Release|Win32.Build.0 = Release|Win32
		{B585035C-FEEE-4974-8CD5-538306C80AC1}.Debug|Win32.ActiveCfg = Debug|Win32
		{B585035C-FEEE-4974-8CD5-538306C80AC1}.Debug|Win32.Build.0 = Debug|Win32
		{B585035C-FEEE-4974-8CD5-538306C80AC1}.Release|Win32.ActiveCfg = Release|Win32
		{B585035C-FEEE-4974-8CD5-538306C80AC1}.Release|Win32.Build.0 = Release|Win32
		{D121F41E-B1E6-48EC-BA14-6DADAC11FBD0}.Debug|Win32.ActiveCfg = Debug|Win32
		{D121F41E-B1E6-48EC-BA14-6DADAC11FBD0}.Debug|Win32.Build.0 = Debug|Win32
		{D121F41E-B1E6-48EC-BA14-6DADAC11FBD0}.Release|Win32.ActiveCfg = Release|Win32
		{D121F41E-B1E6-48EC-BA14-6DADAC11FBD0}.Release|Win32.Build.0 = Release|Win32
		{ECA94D57-8204-4A6E-9055-56C689E28C92}.Debug|Win32.ActiveCfg = Debug|Win32
		{ECA94D57-8204-4A6E-9055-56C689E28C92}.Debug|Win32.Build.0 = Debug|Win32
		{ECA94D57-8204-4A6E-9055-56C689E28C92}.Release|Win32.ActiveCfg = Release|Win32
		{ECA94D57-8204-4A6E-9055-56C689E28C92}.Release|Win32.Build.0 = Release|Win32
		{FDF69CA4-F0FA-488B-BAF9-4F23EC40C59A}.Debug|Win32.ActiveCfg = Debug|Win32
		{FDF69CA4-F0FA-488B-BAF9-4F23EC40C59A}.Debug|Win32.Build.0 = Debug|Win32
		{FDF69CA4-F0FA-488B-BAF9-4F23EC40C59A}.Release|Win32.ActiveCfg = Release|Win32
		{FDF69CA4-F0FA-488B-BAF9-4F23EC40C59A}.Release|Win32.Build.0 = Release|Win32
		{5AB2C03C-2A39-4124-B210-94DF63DDD6B6}.Debug|Win32.ActiveCfg = Debug|Win32
		{5AB2C03C-2A39-4124-B210-94DF63DDD6B6}.Debug|Win32.Build.0 = Debug|Win32
		{5AB2C03C-2A39-4124-B210-94DF63DDD6B6}.Release|Win32.ActiveCfg = Release|Win32
		{5AB2C03C-2A39-4124-B210-94DF63DDD6B6}.Release|Win32.Build.0 = Release|Win32
		{5C7A2DD9-F274-4388-9D15-454484540EBA}.Debug|Win32.ActiveCfg = Debug|Win32
		{5C7A2DD9-F274-4388-9D15-454484540EBA}.Debug|Win32.Build.0 = Debug|Win32
		{5C7A2DD9-F274-4388-9D15-454484540EBA}.Release|Win32.ActiveCfg = Release|Win32
		{5C7A2DD9-F274-4388-9D15-454484540EBA}.Release|Win32.Build.0 = Release|Win32
		{BB3EBC65-6B4C-4984-B330-2F16FC09ECCF}.Debug|Win32.ActiveCfg = Debug|Win32
		{BB3EBC65-6B4C-4984-B330-2F16FC09ECCF}.Debug|Win32.Build.0 = Debug|Win32
		{BB3EBC65-6B4C-4984-B330-2F16FC09ECCF}.Release|Win32.ActiveCfg = Release|Win32
		{BB3EBC65-6B4C-4984-B330-2F16FC09ECCF}.Release|Win32.Build.0 = Release|Win32
		{ABAEDC09-C3D7-4256-A7B6-19D63702D6F6}.Debug|Win32.ActiveCfg = Debug|Win32
		{ABAEDC09-C3D7-4256-A7B6-19D63702D6F6}.Debug|Win32.Build.0 = Debug|Win32
		{ABAEDC09-C3D7-4256-A7B6-19D63702D6F6}.Release|Win32.ActiveCfg = Release|Win32
		{ABAEDC09-C3D7-4256-A7B6-19D63702D6F6}.Release|Win32.Build.0 = Release|Win32
		{FD81F7C7-E660-479A-9750-42BEED8E7A2F}.Debug|Win32.ActiveCfg = Debug|Win32
		{FD81F7C7-E660-479A-9750-42BEED8E7A2F}.Debug|Win32.Build.0 = Debug|Win32
		{FD81F7C7-E660-479A-9750-42BEED8E7A2F}.Release|Win32.ActiveCfg = Release|Win32
		{FD81F7C7-E660-479A-9750-42BEED8E7A2F}.Release|Win32.Build.0 = Release|Win32
		{7414CCCD-A155-47BE-A30D-DFFF4BFEA6F6}.Debug|Win32.ActiveCfg = Debug|Win32
		{7414CCCD-A155-47BE-A30D-DFFF4BFEA6F6}.Debug|Win32.Build.0 = Debug|Win32
		{7414CCCD-A155-47BE-A30D-DFFF4BFEA6F6}.Release|Win32.ActiveCfg = Release|Win32
		{7414CCCD-A155-47BE-A30D-DFFF4BFEA6F6}.Release|Win32.Build.0 = Release|Win32
		{2D75AD1D-451A-43F3-BDAA-10846E0D00EF}.Debug|Win32.ActiveCfg = Debug|Win32
		{2D75AD1D-451A-43F3-BDAA-10846E0D00EF}.Debug|Win32.Build.0 = Debug|Win32
		{2D75AD1D-451A-43F3-BDAA-10846E0D00EF}.Release|Win32.ActiveCfg = Release|Win32
		{2D75AD1D-451A-43F3-BDAA-10846E0D00EF}.Release|Win32.Build.0 = Release|Win32
		{2FBA67A5-F5A6-455E-BEDA-C057953B3E5A}.Debug|Win32.ActiveCfg = Debug|Win32
		{2FBA67A5-F5A6-455E-BEDA-C057953B3E5A}.Debug|Win32.Build.0 = Debug|Win32
		{2FBA67A5-F5A6-455E-BEDA-C057953B3E5A}.Release|Win32.ActiveCfg = Release|Win32
		{2FBA67A5-F5A6-455E-BEDA-C057953B3E5A}.Release|Win32.Build.0 = Release|Win32
		{4703EE10-DB0B-4CBE-85F5-BC0577184E33}.Debug|Win32.ActiveCfg = Debug|Win32
		{4703EE10-DB0B-4CBE-85F5-BC0577184E33}.Debug|Win32.Build.0 = Debug|Win32
		{4703EE10-DB0B-4CBE-85F5-BC0577184E33}.Release|Win32.ActiveCfg = Release|Win32
		{4703EE10-DB0B-4CBE-85F5-BC0577184E33}.Release|Win32.Build.0 = Release|Win32
		{4E9A45FE-649F-4636-A5C6-A7EC3A40F1E2}.Debug|Win32.ActiveCfg = Debug|Win32
		{4E9A45FE-649F-4636-A5C6-A7EC3A40F1E2}.Debug|Win32.Build.0 = Debug|Win32
		{4E9A45FE-649F-4636-A5C6-A7EC3A40F1E2}.Release|Win32.ActiveCfg = Release|Win32
		{4E9A45FE-649F-4636-A5C6-A7EC3A40F1E2}.Release|Win32.Build.0 = Release|Win32
		{BFBBD29E-8429-4067-8FA1-17494AD9F3DA}.Debug|Win32.ActiveCfg = Debug|Win32
		{BFBBD29E-8429-4067-8FA1-17494AD9F3DA}.Debug|Win32.Build.0 = Debug|Win32
		{BFBBD29E-8429-4067-8FA1-17494AD9F3DA}.Release|Win32.ActiveCfg = Release|Win32
		{BFBBD29E-8429-4067-8FA1-17494AD9F3DA}.Release|Win32.Build.0 = Release|Win32
		{1D7C5BF6-9CC1-423A-B72F-98DCA4DDA78B}.Debug|Win32.ActiveCfg = Debug|Win32
		{1D7C5BF6-9CC1-423A-B72F-98DCA4DDA78B}.Debug|Win32.Build.0 = Debug|Win32
		{1D7C5BF6-9CC1-423A-B72F-98DCA4DDA78B}.Release|Win32.ActiveCfg = Release|Win32
		{1D7C5BF6-9CC1-423A-B72F-98DCA4DDA78B}.Release|Win32.Build.0 = Release|Win32
		{A874D4B1-1F08-4434-9E17-3576267EC6D2}.Debug|Win32.ActiveCfg = Debug|Win32
		{A874D4B1-1F08-4434-9E17-3576267EC6D2}.Debug|Win32.Build.0 = Debug|Win32
		{A874D4B1-1F08-4434-9E17-3576267EC6D2}.Release|Win32.ActiveCfg = Release|Win32
		{A874D4B1-1F08-4434-9E17-3576267EC6D2}.Release|Win32.Build.0 = Release|Win32
		{90595FF5-D85A-44F1-8BDF-A4FEC52B9CA5}.Debug|Win32.ActiveCfg = Debug|Win32
		{90595FF5-D85A-44F1-8BDF-A4FEC52B9CA5}.Debug|Win32.Build.0 = Debug|Win32
		{90595FF5-D85A-44F1-8BDF-A4FEC52B9CA5}.Release|Win32.ActiveCfg = Release|Win32
		{90595FF5-D85A-44F1-8BDF-A4FEC52B9CA5}.Release|Win32.Build.0 = Release|Win32
		{22276112-EF87-4B8A-9C08-55BCD90B2C13}.Debug|Win32.ActiveCfg = Debug|Win32
		{22276112-EF87-4B8A-9C08-55BCD90B2C13}.Debug|Win32.Build.0 = Debug|Win32
		{22276112-EF87-4B8A-9C08-55BCD90B2C13}.Release|Win32.ActiveCfg = Release|Win32
		{22276112-EF87-4B8A-9C08-55BCD90B2C13}.Release|Win32.Build.0 = Release|Win32
		{C1D76810-6DAE-4D21-B0AB-6E2FEF45ED62}.Debug|Win32.ActiveCfg = Debug|Win32
		{C1D76810-6DAE-4D21-B0AB-6E2FEF45ED62}.Debug|Win32.Build.0 = Debug|Win32
		{C1D76810-6DAE-4D21-B0AB-6E2FEF45ED62}.Release|Win32.ActiveCfg = Release|Win32
		{C1D76810-6DAE-4D21-B0AB-6E2FEF45ED62}.Release|Win32.Build.0 = Release|Win32
		{64E2C4CA-2113-408B-A08F-089BA8875005}.Debug|Win32.ActiveCfg = Debug|Win32
		{64E2C4CA-2113-408B-A08F-089BA8875005}.Debug|Win32.Build.0 = Debug|Win32
		{64E2C4CA-2113-408B-A08F-089BA8875005}.Release|Win32.ActiveCfg = Release|Win32
		{64E2C4CA-2113-408B-A08F-089BA8875005}.Release|Win32.Build.0 = Release|Win32
		{6E3B2017-6E91-4498-B475-9221EF9B0C1C}.Debug|Win32.ActiveCfg = Debug|Win32
		{6E3B2017-6E91-4498-B475-9221EF9B0C1C}.Debug|Win32.Build.0 = Debug|Win32
		{6E3B2017-6E91-4498-B475-9221EF9B0C1C}.Release|Win32.ActiveCfg = Release|Win32
		{6E3B2017-6E91-4498-B475-9221EF9B0C1C}.Release|Win32.Build.0 = Release|Win32
		{6277501A-98C6-41CB-94D2-C865C89517D1}.Debug|Win32.ActiveCfg = Debug|Win32
		{6277501A-98C6-41CB-94D2-C865C89517D1}.Debug|Win32.Build.0 = Debug|Win32
		{6277501A-98C6-41CB-94D2-C865C89517D1}.Release|Win32.ActiveCfg = Release|Win32
		{6277501A-98C6-41CB-94D2-C865C89517D1}.Release|Win32.Build.0 = Release|Win32
	EndGlobalSection
	GlobalSection(SolutionProperties) = preSolution
		HideSolutionNode = FALSE
	EndGlobalSection
EndGlobal
