
Microsoft Visual Studio Solution File, Format Version 12.00
# Visual Studio 14
VisualStudioVersion = 14.0.25420.1
MinimumVisualStudioVersion = 10.0.40219.1
Project("{8BC9CEB8-8B4A-11D0-8D11-00A0C91BC942}") = "Application_CRPI_Eval", "Applications\CRPI_Eval\CRPI_Eval_VS2015.vcxproj", "{0E4B4E9A-6ABC-4318-8071-DFA8E1127235}"
	ProjectSection(ProjectDependencies) = postProject
		{6E3B2017-6E91-4498-B475-9221EF9B0C1C} = {6E3B2017-6E91-4498-B475-9221EF9B0C1C}
		{8D67212D-7C8C-42B5-9F40-C95E6BFCA2E7} = {8D67212D-7C8C-42B5-9F40-C95E6BFCA2E7}
		{F4860F51-78F2-4C0F-8B57-94C7BF1B24B7} = {F4860F51-78F2-4C0F-8B57-94C7BF1B24B7}
		{07C05B7D-8C49-43EA-A277-78F3A97429F5} = {07C05B7D-8C49-43EA-A277-78F3A97429F5}
	EndProjectSection
EndProject
Project("{8BC9CEB8-8B4A-11D0-8D11-00A0C91BC942}") = "ML_Clustering", "Clustering\Clustering_VS2015.vcxproj", "{676840E1-7518-48E1-A293-E124C2398A70}"
EndProject
Project("{8BC9CEB8-8B4A-11D0-8D11-00A0C91BC942}") = "Library_CRPI", "Libraries\CRPI\Library_CRPI_VS2015.vcxproj", "{F4860F51-78F2-4C0F-8B57-94C7BF1B24B7}"
	ProjectSection(ProjectDependencies) = postProject
		{6E3B2017-6E91-4498-B475-9221EF9B0C1C} = {6E3B2017-6E91-4498-B475-9221EF9B0C1C}
		{8D67212D-7C8C-42B5-9F40-C95E6BFCA2E7} = {8D67212D-7C8C-42B5-9F40-C95E6BFCA2E7}
		{48ADCF65-6188-40DA-9E2B-42837C02334C} = {48ADCF65-6188-40DA-9E2B-42837C02334C}
	EndProjectSection
EndProject
Project("{8BC9CEB8-8B4A-11D0-8D11-00A0C91BC942}") = "Library_Math", "Libraries\Math\Math_VS2015.vcxproj", "{48ADCF65-6188-40DA-9E2B-42837C02334C}"
EndProject
Project("{8BC9CEB8-8B4A-11D0-8D11-00A0C91BC942}") = "Library_MotionPrims", "Libraries\MotionPrims\MotionPrims_VS2015.vcxproj", "{07C05B7D-8C49-43EA-A277-78F3A97429F5}"
	ProjectSection(ProjectDependencies) = postProject
		{6E3B2017-6E91-4498-B475-9221EF9B0C1C} = {6E3B2017-6E91-4498-B475-9221EF9B0C1C}
		{F4860F51-78F2-4C0F-8B57-94C7BF1B24B7} = {F4860F51-78F2-4C0F-8B57-94C7BF1B24B7}
	EndProjectSection
EndProject
Project("{8BC9CEB8-8B4A-11D0-8D11-00A0C91BC942}") = "Library_RegistrationKit", "Libraries\RegistrationKit\RegistrationKit_VS2015.vcxproj", "{DD0EDC24-6135-4A9D-929D-4BAEF24EA62A}"
	ProjectSection(ProjectDependencies) = postProject
		{F4860F51-78F2-4C0F-8B57-94C7BF1B24B7} = {F4860F51-78F2-4C0F-8B57-94C7BF1B24B7}
		{48ADCF65-6188-40DA-9E2B-42837C02334C} = {48ADCF65-6188-40DA-9E2B-42837C02334C}
		{676840E1-7518-48E1-A293-E124C2398A70} = {676840E1-7518-48E1-A293-E124C2398A70}
	EndProjectSection
EndProject
Project("{8BC9CEB8-8B4A-11D0-8D11-00A0C91BC942}") = "Library_Sensor_HRI", "Libraries\Sensor\HRI\HRI_VS2015.vcxproj", "{203FFBFB-263C-4A7D-A008-80A0EB035227}"
	ProjectSection(ProjectDependencies) = postProject
		{6E3B2017-6E91-4498-B475-9221EF9B0C1C} = {6E3B2017-6E91-4498-B475-9221EF9B0C1C}
		{F4860F51-78F2-4C0F-8B57-94C7BF1B24B7} = {F4860F51-78F2-4C0F-8B57-94C7BF1B24B7}
		{48ADCF65-6188-40DA-9E2B-42837C02334C} = {48ADCF65-6188-40DA-9E2B-42837C02334C}
	EndProjectSection
EndProject
Project("{8BC9CEB8-8B4A-11D0-8D11-00A0C91BC942}") = "Library_Sensor_MoCap", "Libraries\Sensor\MoCap\MoCap_VS2015.vcxproj", "{8748F2BF-A0A6-4140-BD90-D8B69BD526D1}"
	ProjectSection(ProjectDependencies) = postProject
		{6E3B2017-6E91-4498-B475-9221EF9B0C1C} = {6E3B2017-6E91-4498-B475-9221EF9B0C1C}
		{48ADCF65-6188-40DA-9E2B-42837C02334C} = {48ADCF65-6188-40DA-9E2B-42837C02334C}
	EndProjectSection
EndProject
Project("{8BC9CEB8-8B4A-11D0-8D11-00A0C91BC942}") = "Library_Serial", "Libraries\Serial\serial_VS2015.vcxproj", "{8D67212D-7C8C-42B5-9F40-C95E6BFCA2E7}"
EndProject
Project("{8BC9CEB8-8B4A-11D0-8D11-00A0C91BC942}") = "ulapi", "Libraries\ulapi\win32\ulapi\ulapi_VS2015.vcxproj", "{6E3B2017-6E91-4498-B475-9221EF9B0C1C}"
EndProject
Project("{8BC9CEB8-8B4A-11D0-8D11-00A0C91BC942}") = "Application_XMLInterface", "Applications\XMLInterface\XMLInterface_VS2015.vcxproj", "{80502EF8-F5CC-4E4D-AFE9-E4A28D9F6D64}"
	ProjectSection(ProjectDependencies) = postProject
		{F4860F51-78F2-4C0F-8B57-94C7BF1B24B7} = {F4860F51-78F2-4C0F-8B57-94C7BF1B24B7}
	EndProjectSection
EndProject
Project("{8BC9CEB8-8B4A-11D0-8D11-00A0C91BC942}") = "Application_CRPI_Test", "Applications\Application_CRPI_Test\Application_CRPI_Test.vcxproj", "{03FEE39A-1226-45FB-A5A4-1AF684D6F1D5}"
	ProjectSection(ProjectDependencies) = postProject
		{6E3B2017-6E91-4498-B475-9221EF9B0C1C} = {6E3B2017-6E91-4498-B475-9221EF9B0C1C}
		{DD0EDC24-6135-4A9D-929D-4BAEF24EA62A} = {DD0EDC24-6135-4A9D-929D-4BAEF24EA62A}
		{8D67212D-7C8C-42B5-9F40-C95E6BFCA2E7} = {8D67212D-7C8C-42B5-9F40-C95E6BFCA2E7}
		{F4860F51-78F2-4C0F-8B57-94C7BF1B24B7} = {F4860F51-78F2-4C0F-8B57-94C7BF1B24B7}
		{48ADCF65-6188-40DA-9E2B-42837C02334C} = {48ADCF65-6188-40DA-9E2B-42837C02334C}
		{07C05B7D-8C49-43EA-A277-78F3A97429F5} = {07C05B7D-8C49-43EA-A277-78F3A97429F5}
		{8748F2BF-A0A6-4140-BD90-D8B69BD526D1} = {8748F2BF-A0A6-4140-BD90-D8B69BD526D1}
		{676840E1-7518-48E1-A293-E124C2398A70} = {676840E1-7518-48E1-A293-E124C2398A70}
		{203FFBFB-263C-4A7D-A008-80A0EB035227} = {203FFBFB-263C-4A7D-A008-80A0EB035227}
	EndProjectSection
EndProject
Global
	GlobalSection(SolutionConfigurationPlatforms) = preSolution
		Debug|Win32 = Debug|Win32
		Debug|x64 = Debug|x64
		Release|Win32 = Release|Win32
		Release|x64 = Release|x64
	EndGlobalSection
	GlobalSection(ProjectConfigurationPlatforms) = postSolution
		{0E4B4E9A-6ABC-4318-8071-DFA8E1127235}.Debug|Win32.ActiveCfg = Debug|Win32
		{0E4B4E9A-6ABC-4318-8071-DFA8E1127235}.Debug|Win32.Build.0 = Debug|Win32
		{0E4B4E9A-6ABC-4318-8071-DFA8E1127235}.Debug|x64.ActiveCfg = Debug|x64
		{0E4B4E9A-6ABC-4318-8071-DFA8E1127235}.Debug|x64.Build.0 = Debug|x64
		{0E4B4E9A-6ABC-4318-8071-DFA8E1127235}.Release|Win32.ActiveCfg = Release|Win32
		{0E4B4E9A-6ABC-4318-8071-DFA8E1127235}.Release|Win32.Build.0 = Release|Win32
		{0E4B4E9A-6ABC-4318-8071-DFA8E1127235}.Release|x64.ActiveCfg = Release|x64
		{0E4B4E9A-6ABC-4318-8071-DFA8E1127235}.Release|x64.Build.0 = Release|x64
		{676840E1-7518-48E1-A293-E124C2398A70}.Debug|Win32.ActiveCfg = Debug|Win32
		{676840E1-7518-48E1-A293-E124C2398A70}.Debug|Win32.Build.0 = Debug|Win32
		{676840E1-7518-48E1-A293-E124C2398A70}.Debug|x64.ActiveCfg = Debug|x64
		{676840E1-7518-48E1-A293-E124C2398A70}.Debug|x64.Build.0 = Debug|x64
		{676840E1-7518-48E1-A293-E124C2398A70}.Release|Win32.ActiveCfg = Release|Win32
		{676840E1-7518-48E1-A293-E124C2398A70}.Release|Win32.Build.0 = Release|Win32
		{676840E1-7518-48E1-A293-E124C2398A70}.Release|x64.ActiveCfg = Release|x64
		{676840E1-7518-48E1-A293-E124C2398A70}.Release|x64.Build.0 = Release|x64
		{F4860F51-78F2-4C0F-8B57-94C7BF1B24B7}.Debug|Win32.ActiveCfg = Debug|Win32
		{F4860F51-78F2-4C0F-8B57-94C7BF1B24B7}.Debug|Win32.Build.0 = Debug|Win32
		{F4860F51-78F2-4C0F-8B57-94C7BF1B24B7}.Debug|x64.ActiveCfg = Debug|x64
		{F4860F51-78F2-4C0F-8B57-94C7BF1B24B7}.Debug|x64.Build.0 = Debug|x64
		{F4860F51-78F2-4C0F-8B57-94C7BF1B24B7}.Release|Win32.ActiveCfg = Release|Win32
		{F4860F51-78F2-4C0F-8B57-94C7BF1B24B7}.Release|Win32.Build.0 = Release|Win32
		{F4860F51-78F2-4C0F-8B57-94C7BF1B24B7}.Release|x64.ActiveCfg = Release|x64
		{F4860F51-78F2-4C0F-8B57-94C7BF1B24B7}.Release|x64.Build.0 = Release|x64
		{48ADCF65-6188-40DA-9E2B-42837C02334C}.Debug|Win32.ActiveCfg = Debug|Win32
		{48ADCF65-6188-40DA-9E2B-42837C02334C}.Debug|Win32.Build.0 = Debug|Win32
		{48ADCF65-6188-40DA-9E2B-42837C02334C}.Debug|x64.ActiveCfg = Debug|x64
		{48ADCF65-6188-40DA-9E2B-42837C02334C}.Debug|x64.Build.0 = Debug|x64
		{48ADCF65-6188-40DA-9E2B-42837C02334C}.Release|Win32.ActiveCfg = Release|Win32
		{48ADCF65-6188-40DA-9E2B-42837C02334C}.Release|Win32.Build.0 = Release|Win32
		{48ADCF65-6188-40DA-9E2B-42837C02334C}.Release|x64.ActiveCfg = Release|x64
		{48ADCF65-6188-40DA-9E2B-42837C02334C}.Release|x64.Build.0 = Release|x64
		{07C05B7D-8C49-43EA-A277-78F3A97429F5}.Debug|Win32.ActiveCfg = Debug|Win32
		{07C05B7D-8C49-43EA-A277-78F3A97429F5}.Debug|Win32.Build.0 = Debug|Win32
		{07C05B7D-8C49-43EA-A277-78F3A97429F5}.Debug|x64.ActiveCfg = Debug|x64
		{07C05B7D-8C49-43EA-A277-78F3A97429F5}.Debug|x64.Build.0 = Debug|x64
		{07C05B7D-8C49-43EA-A277-78F3A97429F5}.Release|Win32.ActiveCfg = Release|Win32
		{07C05B7D-8C49-43EA-A277-78F3A97429F5}.Release|Win32.Build.0 = Release|Win32
		{07C05B7D-8C49-43EA-A277-78F3A97429F5}.Release|x64.ActiveCfg = Release|x64
		{07C05B7D-8C49-43EA-A277-78F3A97429F5}.Release|x64.Build.0 = Release|x64
		{DD0EDC24-6135-4A9D-929D-4BAEF24EA62A}.Debug|Win32.ActiveCfg = Debug|Win32
		{DD0EDC24-6135-4A9D-929D-4BAEF24EA62A}.Debug|Win32.Build.0 = Debug|Win32
		{DD0EDC24-6135-4A9D-929D-4BAEF24EA62A}.Debug|x64.ActiveCfg = Debug|x64
		{DD0EDC24-6135-4A9D-929D-4BAEF24EA62A}.Debug|x64.Build.0 = Debug|x64
		{DD0EDC24-6135-4A9D-929D-4BAEF24EA62A}.Release|Win32.ActiveCfg = Release|Win32
		{DD0EDC24-6135-4A9D-929D-4BAEF24EA62A}.Release|Win32.Build.0 = Release|Win32
		{DD0EDC24-6135-4A9D-929D-4BAEF24EA62A}.Release|x64.ActiveCfg = Release|x64
		{DD0EDC24-6135-4A9D-929D-4BAEF24EA62A}.Release|x64.Build.0 = Release|x64
		{203FFBFB-263C-4A7D-A008-80A0EB035227}.Debug|Win32.ActiveCfg = Debug|Win32
		{203FFBFB-263C-4A7D-A008-80A0EB035227}.Debug|Win32.Build.0 = Debug|Win32
		{203FFBFB-263C-4A7D-A008-80A0EB035227}.Debug|x64.ActiveCfg = Debug|x64
		{203FFBFB-263C-4A7D-A008-80A0EB035227}.Debug|x64.Build.0 = Debug|x64
		{203FFBFB-263C-4A7D-A008-80A0EB035227}.Release|Win32.ActiveCfg = Release|Win32
		{203FFBFB-263C-4A7D-A008-80A0EB035227}.Release|Win32.Build.0 = Release|Win32
		{203FFBFB-263C-4A7D-A008-80A0EB035227}.Release|x64.ActiveCfg = Release|x64
		{203FFBFB-263C-4A7D-A008-80A0EB035227}.Release|x64.Build.0 = Release|x64
		{8748F2BF-A0A6-4140-BD90-D8B69BD526D1}.Debug|Win32.ActiveCfg = Debug|Win32
		{8748F2BF-A0A6-4140-BD90-D8B69BD526D1}.Debug|Win32.Build.0 = Debug|Win32
		{8748F2BF-A0A6-4140-BD90-D8B69BD526D1}.Debug|x64.ActiveCfg = Debug|x64
		{8748F2BF-A0A6-4140-BD90-D8B69BD526D1}.Debug|x64.Build.0 = Debug|x64
		{8748F2BF-A0A6-4140-BD90-D8B69BD526D1}.Release|Win32.ActiveCfg = Release|Win32
		{8748F2BF-A0A6-4140-BD90-D8B69BD526D1}.Release|Win32.Build.0 = Release|Win32
		{8748F2BF-A0A6-4140-BD90-D8B69BD526D1}.Release|x64.ActiveCfg = Release|x64
		{8748F2BF-A0A6-4140-BD90-D8B69BD526D1}.Release|x64.Build.0 = Release|x64
		{8D67212D-7C8C-42B5-9F40-C95E6BFCA2E7}.Debug|Win32.ActiveCfg = Debug|Win32
		{8D67212D-7C8C-42B5-9F40-C95E6BFCA2E7}.Debug|Win32.Build.0 = Debug|Win32
		{8D67212D-7C8C-42B5-9F40-C95E6BFCA2E7}.Debug|x64.ActiveCfg = Debug|x64
		{8D67212D-7C8C-42B5-9F40-C95E6BFCA2E7}.Debug|x64.Build.0 = Debug|x64
		{8D67212D-7C8C-42B5-9F40-C95E6BFCA2E7}.Release|Win32.ActiveCfg = Release|Win32
		{8D67212D-7C8C-42B5-9F40-C95E6BFCA2E7}.Release|Win32.Build.0 = Release|Win32
		{8D67212D-7C8C-42B5-9F40-C95E6BFCA2E7}.Release|x64.ActiveCfg = Release|x64
		{8D67212D-7C8C-42B5-9F40-C95E6BFCA2E7}.Release|x64.Build.0 = Release|x64
		{6E3B2017-6E91-4498-B475-9221EF9B0C1C}.Debug|Win32.ActiveCfg = Debug|Win32
		{6E3B2017-6E91-4498-B475-9221EF9B0C1C}.Debug|Win32.Build.0 = Debug|Win32
		{6E3B2017-6E91-4498-B475-9221EF9B0C1C}.Debug|x64.ActiveCfg = Debug|x64
		{6E3B2017-6E91-4498-B475-9221EF9B0C1C}.Debug|x64.Build.0 = Debug|x64
		{6E3B2017-6E91-4498-B475-9221EF9B0C1C}.Release|Win32.ActiveCfg = Release|Win32
		{6E3B2017-6E91-4498-B475-9221EF9B0C1C}.Release|Win32.Build.0 = Release|Win32
		{6E3B2017-6E91-4498-B475-9221EF9B0C1C}.Release|x64.ActiveCfg = Release|x64
		{6E3B2017-6E91-4498-B475-9221EF9B0C1C}.Release|x64.Build.0 = Release|x64
		{80502EF8-F5CC-4E4D-AFE9-E4A28D9F6D64}.Debug|Win32.ActiveCfg = Debug|Win32
		{80502EF8-F5CC-4E4D-AFE9-E4A28D9F6D64}.Debug|Win32.Build.0 = Debug|Win32
		{80502EF8-F5CC-4E4D-AFE9-E4A28D9F6D64}.Debug|x64.ActiveCfg = Debug|x64
		{80502EF8-F5CC-4E4D-AFE9-E4A28D9F6D64}.Debug|x64.Build.0 = Debug|x64
		{80502EF8-F5CC-4E4D-AFE9-E4A28D9F6D64}.Release|Win32.ActiveCfg = Release|Win32
		{80502EF8-F5CC-4E4D-AFE9-E4A28D9F6D64}.Release|Win32.Build.0 = Release|Win32
		{80502EF8-F5CC-4E4D-AFE9-E4A28D9F6D64}.Release|x64.ActiveCfg = Release|x64
		{80502EF8-F5CC-4E4D-AFE9-E4A28D9F6D64}.Release|x64.Build.0 = Release|x64
		{03FEE39A-1226-45FB-A5A4-1AF684D6F1D5}.Debug|Win32.ActiveCfg = Debug|Win32
		{03FEE39A-1226-45FB-A5A4-1AF684D6F1D5}.Debug|Win32.Build.0 = Debug|Win32
		{03FEE39A-1226-45FB-A5A4-1AF684D6F1D5}.Debug|x64.ActiveCfg = Debug|x64
		{03FEE39A-1226-45FB-A5A4-1AF684D6F1D5}.Debug|x64.Build.0 = Debug|x64
		{03FEE39A-1226-45FB-A5A4-1AF684D6F1D5}.Release|Win32.ActiveCfg = Release|Win32
		{03FEE39A-1226-45FB-A5A4-1AF684D6F1D5}.Release|Win32.Build.0 = Release|Win32
		{03FEE39A-1226-45FB-A5A4-1AF684D6F1D5}.Release|x64.ActiveCfg = Release|x64
		{03FEE39A-1226-45FB-A5A4-1AF684D6F1D5}.Release|x64.Build.0 = Release|x64
	EndGlobalSection
	GlobalSection(SolutionProperties) = preSolution
		HideSolutionNode = FALSE
	EndGlobalSection
EndGlobal
