<?xml version="1.0" encoding="utf-8"?>
<Project ToolsVersion="4.0" xmlns="http://schemas.microsoft.com/developer/msbuild/2003">
  <ItemGroup>
    <ClInclude Include="..\..\..\..\Program Files\Microsoft Visual Studio\VC98\Include\BASETSD.H" />
    <ClInclude Include="serial.h">
      <Filter>Include</Filter>
    </ClInclude>
    <ClInclude Include="gccserial.h">
      <Filter>Include</Filter>
    </ClInclude>
  </ItemGroup>
  <ItemGroup>
    <Filter Include="Include">
      <UniqueIdentifier>{883630dc-eba2-4313-b50f-0f9aa4e19207}</UniqueIdentifier>
    </Filter>
    <Filter Include="Source">
      <UniqueIdentifier>{034f0d7a-03db-4560-bec2-9854cd9187b3}</UniqueIdentifier>
    </Filter>
  </ItemGroup>
  <ItemGroup>
    <ClCompile Include="serial.cpp">
      <Filter>Source</Filter>
    </ClCompile>
  </ItemGroup>
</Project>