<?xml version="1.0" encoding="utf-8"?>
<Project ToolsVersion="4.0" xmlns="http://schemas.microsoft.com/developer/msbuild/2003">
  <ItemGroup>
    <Filter Include="Source">
      <UniqueIdentifier>{5207fceb-c0b8-40d9-9fb3-12b5fe51c7cf}</UniqueIdentifier>
    </Filter>
    <Filter Include="Include">
      <UniqueIdentifier>{895aa87d-17a5-4072-9363-3d391a46ba58}</UniqueIdentifier>
    </Filter>
  </ItemGroup>
  <ItemGroup>
    <ClInclude Include="AssemblyPrims.h">
      <Filter>Include</Filter>
    </ClInclude>
    <ClInclude Include="MatHandlingPrims.h">
      <Filter>Include</Filter>
    </ClInclude>
  </ItemGroup>
  <ItemGroup>
    <ClCompile Include="AssemblyPrims.cpp">
      <Filter>Source</Filter>
    </ClCompile>
  </ItemGroup>
</Project>