<?xml version="1.0" encoding="utf-8"?>
<Project ToolsVersion="4.0" xmlns="http://schemas.microsoft.com/developer/msbuild/2003">
  <ItemGroup>
    <Filter Include="Source">
      <UniqueIdentifier>{9e90c378-9739-4d83-9c9f-28d5f780c40e}</UniqueIdentifier>
    </Filter>
    <Filter Include="Include">
      <UniqueIdentifier>{a7e8454d-30e8-4557-897b-dc978420ec44}</UniqueIdentifier>
    </Filter>
  </ItemGroup>
  <ItemGroup>
    <ClCompile Include="crpi_eval.cpp">
      <Filter>Source</Filter>
    </ClCompile>
  </ItemGroup>
  <ItemGroup>
    <ClInclude Include="..\..\Libraries\CRPI\crpi.h">
      <Filter>Include</Filter>
    </ClInclude>
    <ClInclude Include="..\..\Libraries\CRPI\crpi_abb.h">
      <Filter>Include</Filter>
    </ClInclude>
    <ClInclude Include="..\..\Libraries\CRPI\crpi_kuka_lwr.h">
      <Filter>Include</Filter>
    </ClInclude>
    <ClInclude Include="..\..\Libraries\CRPI\crpi_robot.h">
      <Filter>Include</Filter>
    </ClInclude>
    <ClInclude Include="..\..\Libraries\CRPI\crpi_robot_xml.h">
      <Filter>Include</Filter>
    </ClInclude>
    <ClInclude Include="..\..\Libraries\CRPI\crpi_robotiq.h">
      <Filter>Include</Filter>
    </ClInclude>
    <ClInclude Include="..\..\Libraries\CRPI\crpi_universal.h">
      <Filter>Include</Filter>
    </ClInclude>
    <ClInclude Include="..\..\Libraries\CRPI\crpi_xml.h">
      <Filter>Include</Filter>
    </ClInclude>
  </ItemGroup>
</Project>