<?xml version="1.0" encoding="utf-8"?>
<Project ToolsVersion="4.0" xmlns="http://schemas.microsoft.com/developer/msbuild/2003">
  <ItemGroup>
    <Filter Include="Include">
      <UniqueIdentifier>{6c386ad7-9ae0-43bf-9d74-d85e121daf15}</UniqueIdentifier>
    </Filter>
    <Filter Include="Source">
      <UniqueIdentifier>{38a78f47-64a1-44ce-a32e-aef2aeaf2c0c}</UniqueIdentifier>
    </Filter>
  </ItemGroup>
  <ItemGroup>
    <ClInclude Include="CoordFrameReg.h">
      <Filter>Include</Filter>
    </ClInclude>
  </ItemGroup>
</Project>